PODS:
  - Bolts (1.8.4):
    - Bolts/AppLinks (= 1.8.4)
    - Bolts/Tasks (= 1.8.4)
  - Bolts/AppLinks (1.8.4):
    - Bolts/Tasks
  - Bolts/Tasks (1.8.4)
  - EZSwiftExtensions (1.7)
  - FBSDKCoreKit (4.16.0):
    - Bolts (~> 1.7)
  - FBSDKLoginKit (4.16.1):
    - FBSDKCoreKit
  - Locksmith (3.0.0)
  - NSDate+TimeAgo (1.0.3)
  - Realm (2.1.0):
    - Realm/Headers (= 2.1.0)
  - Realm/Headers (2.1.0)
  - RealmSwift (2.1.0):
    - Realm (= 2.1.0)
  - SwiftMoment (0.7)

DEPENDENCIES:
  - EZSwiftExtensions
  - FBSDKLoginKit (= 4.16.1)
  - Locksmith (= 3.0.0)
  - NSDate+TimeAgo
  - RealmSwift (= 2.1.0)
  - SwiftMoment (= 0.7)

SPEC CHECKSUMS:
  Bolts: 8a7995239dbe724f9cba2248b766d48b7ebdd322
  EZSwiftExtensions: 4afef248066a036903d8496bf07bc355b22ce766
  FBSDKCoreKit: 7a6baaed4a2b2a244ba253346713bdbc74df135b
  FBSDKLoginKit: 469a56cebe2e1ed62b1621d0b155970fd6aac2d8
  Locksmith: 310b4cc5031af5728bf4db5d4de547a5100c6a3b
  NSDate+TimeAgo: 416f55d2696d3744c313091c5a9280d47f8238fe
  Realm: bc829ad0ef3d4eea70c34cfcc3b1704d18d50df1
  RealmSwift: a4d4abbf0088c337cab5b738054395842e4b3052
  SwiftMoment: dc6dd27012e267819104cbb03f74ff9192dd0b42

PODFILE CHECKSUM: 7f8771cefc3588006268bb248f2e5e7ca766928d

COCOAPODS: 1.0.0
