// !$*UTF8*$!
{
	archiveVersion = 1;
	classes = {
	};
	objectVersion = 46;
	objects = {

/* Begin PBXBuildFile section */
		0668526FF3E0C871644D3E6B /* libPods.a in Frameworks */ = {isa = PBXBuildFile; fileRef = BBEFB0F663F019D719FE0983 /* libPods.a */; };
		4900737D1A342D820086CE0B /* DictionaryExtensions.swift in Sources */ = {isa = PBXBuildFile; fileRef = 4900737C1A342D820086CE0B /* DictionaryExtensions.swift */; };
		4900739E1A34B9590086CE0B /* Array.swift in Sources */ = {isa = PBXBuildFile; fileRef = 490073801A34B9590086CE0B /* Array.swift */; };
		4900739F1A34B9590086CE0B /* Dictionary.swift in Sources */ = {isa = PBXBuildFile; fileRef = 490073811A34B9590086CE0B /* Dictionary.swift */; };
		490073A01A34B9590086CE0B /* Double.swift in Sources */ = {isa = PBXBuildFile; fileRef = 490073821A34B9590086CE0B /* Double.swift */; };
		490073A11A34B9590086CE0B /* ExSwift.swift in Sources */ = {isa = PBXBuildFile; fileRef = 490073841A34B9590086CE0B /* ExSwift.swift */; };
		490073A21A34B9590086CE0B /* Float.swift in Sources */ = {isa = PBXBuildFile; fileRef = 490073851A34B9590086CE0B /* Float.swift */; };
		490073A31A34B9590086CE0B /* Info.plist in Resources */ = {isa = PBXBuildFile; fileRef = 490073861A34B9590086CE0B /* Info.plist */; };
		490073A41A34B9590086CE0B /* Int.swift in Sources */ = {isa = PBXBuildFile; fileRef = 490073871A34B9590086CE0B /* Int.swift */; };
		490073A51A34B9590086CE0B /* NSArray.swift in Sources */ = {isa = PBXBuildFile; fileRef = 490073881A34B9590086CE0B /* NSArray.swift */; };
		490073A61A34B9590086CE0B /* Range.swift in Sources */ = {isa = PBXBuildFile; fileRef = 490073891A34B9590086CE0B /* Range.swift */; };
		490073A71A34B9590086CE0B /* Sequence.swift in Sources */ = {isa = PBXBuildFile; fileRef = 4900738A1A34B9590086CE0B /* Sequence.swift */; };
		490073A81A34B9590086CE0B /* String.swift in Sources */ = {isa = PBXBuildFile; fileRef = 4900738B1A34B9590086CE0B /* String.swift */; };
		490073A91A34B9590086CE0B /* ExSwift.podspec in Resources */ = {isa = PBXBuildFile; fileRef = 4900738D1A34B9590086CE0B /* ExSwift.podspec */; };
		490073B41A34B9590086CE0B /* Info.plist in Resources */ = {isa = PBXBuildFile; fileRef = 490073991A34B9590086CE0B /* Info.plist */; };
		490073B51A34B9590086CE0B /* LICENSE in Resources */ = {isa = PBXBuildFile; fileRef = 4900739B1A34B9590086CE0B /* LICENSE */; };
		490C659F1A3230A700E87130 /* Calendar.swift in Sources */ = {isa = PBXBuildFile; fileRef = 490C659E1A3230A700E87130 /* Calendar.swift */; };
		490C65A41A324F7700E87130 /* CalendarsDataSource.swift in Sources */ = {isa = PBXBuildFile; fileRef = 490C65A31A324F7700E87130 /* CalendarsDataSource.swift */; };
		490C65A61A33895D00E87130 /* NSDateExtensions.swift in Sources */ = {isa = PBXBuildFile; fileRef = 490C65A51A33895D00E87130 /* NSDateExtensions.swift */; };
		49209A511A360BD600DDD45E /* RadioView.swift in Sources */ = {isa = PBXBuildFile; fileRef = 49209A501A360BD600DDD45E /* RadioView.swift */; };
		494DF9DB1A3200C60040D02C /* CalendarSettingsTableViewCell.swift in Sources */ = {isa = PBXBuildFile; fileRef = 494DF9DA1A3200C60040D02C /* CalendarSettingsTableViewCell.swift */; };
		494F80981A3155C000403C6B /* CalendarSettingsViewController.swift in Sources */ = {isa = PBXBuildFile; fileRef = 494F80971A3155C000403C6B /* CalendarSettingsViewController.swift */; };
		495B5C281A2E54180033DE8D /* Notification.swift in Sources */ = {isa = PBXBuildFile; fileRef = 495B5C271A2E54180033DE8D /* Notification.swift */; };
		495B5C2A1A2E558F0033DE8D /* NotificationsDataSource.swift in Sources */ = {isa = PBXBuildFile; fileRef = 495B5C291A2E558F0033DE8D /* NotificationsDataSource.swift */; };
		49940D6D1A2F89BA00E97CD7 /* RKDropdownAlert.m in Sources */ = {isa = PBXBuildFile; fileRef = 49940D6C1A2F89BA00E97CD7 /* RKDropdownAlert.m */; };
		49952EE21A26888B002B06FA /* NotificationsTableViewController.swift in Sources */ = {isa = PBXBuildFile; fileRef = 49952EE11A26888B002B06FA /* NotificationsTableViewController.swift */; };
		49952EE41A268BF5002B06FA /* NotificationBarButtonItem.swift in Sources */ = {isa = PBXBuildFile; fileRef = 49952EE31A268BF5002B06FA /* NotificationBarButtonItem.swift */; };
		49A5696D1A38D93C00B6F1E4 /* Launch Screen.xib in Resources */ = {isa = PBXBuildFile; fileRef = 49A5696C1A38D93C00B6F1E4 /* Launch Screen.xib */; };
		49A569701A39F66500B6F1E4 /* API.swift in Sources */ = {isa = PBXBuildFile; fileRef = 49A5696F1A39F66500B6F1E4 /* API.swift */; };
		49A569741A3A5ACD00B6F1E4 /* ActivityIndicatorView.swift in Sources */ = {isa = PBXBuildFile; fileRef = 49A569731A3A5ACD00B6F1E4 /* ActivityIndicatorView.swift */; };
		49A569881A40807500B6F1E4 /* CalendarSettingsSelectTableViewCell.swift in Sources */ = {isa = PBXBuildFile; fileRef = 49A569861A40807500B6F1E4 /* CalendarSettingsSelectTableViewCell.swift */; };
		49A569891A40807500B6F1E4 /* CalendarSettingsSelectTableViewCell.xib in Resources */ = {isa = PBXBuildFile; fileRef = 49A569871A40807500B6F1E4 /* CalendarSettingsSelectTableViewCell.xib */; };
		49B2A2EF1A268023004EED86 /* FUMCTests.swift in Sources */ = {isa = PBXBuildFile; fileRef = 49B2A2EE1A268023004EED86 /* FUMCTests.swift */; };
		49B2A32C1A268070004EED86 /* AppDelegate.swift in Sources */ = {isa = PBXBuildFile; fileRef = 49B2A2F81A268070004EED86 /* AppDelegate.swift */; };
		49B2A32D1A268070004EED86 /* Main.storyboard in Resources */ = {isa = PBXBuildFile; fileRef = 49B2A2FA1A268070004EED86 /* Main.storyboard */; };
		49B2A32E1A268070004EED86 /* BebasNeue Bold.otf in Resources */ = {isa = PBXBuildFile; fileRef = 49B2A2FC1A268070004EED86 /* BebasNeue Bold.otf */; };
		49B2A32F1A268070004EED86 /* BebasNeue Book.otf in Resources */ = {isa = PBXBuildFile; fileRef = 49B2A2FD1A268070004EED86 /* BebasNeue Book.otf */; };
		49B2A3301A268070004EED86 /* BebasNeue Light.otf in Resources */ = {isa = PBXBuildFile; fileRef = 49B2A2FE1A268070004EED86 /* BebasNeue Light.otf */; };
		49B2A3311A268070004EED86 /* BebasNeue Regular.otf in Resources */ = {isa = PBXBuildFile; fileRef = 49B2A2FF1A268070004EED86 /* BebasNeue Regular.otf */; };
		49B2A3321A268070004EED86 /* BebasNeue Thin.otf in Resources */ = {isa = PBXBuildFile; fileRef = 49B2A3001A268070004EED86 /* BebasNeue Thin.otf */; };
		49B2A3331A268070004EED86 /* Bulletin.swift in Sources */ = {isa = PBXBuildFile; fileRef = 49B2A3011A268070004EED86 /* Bulletin.swift */; };
		49B2A3341A268070004EED86 /* BulletinsDataSource.swift in Sources */ = {isa = PBXBuildFile; fileRef = 49B2A3021A268070004EED86 /* BulletinsDataSource.swift */; };
		49B2A3351A268070004EED86 /* CalendarEvent.swift in Sources */ = {isa = PBXBuildFile; fileRef = 49B2A3031A268070004EED86 /* CalendarEvent.swift */; };
		49B2A3361A268070004EED86 /* CalendarTableHeaderView.swift in Sources */ = {isa = PBXBuildFile; fileRef = 49B2A3041A268070004EED86 /* CalendarTableHeaderView.swift */; };
		49B2A3371A268070004EED86 /* CalendarTableHeaderView.xib in Resources */ = {isa = PBXBuildFile; fileRef = 49B2A3051A268070004EED86 /* CalendarTableHeaderView.xib */; };
		49B2A3381A268070004EED86 /* CalendarTableViewCell.swift in Sources */ = {isa = PBXBuildFile; fileRef = 49B2A3061A268070004EED86 /* CalendarTableViewCell.swift */; };
		49B2A3391A268070004EED86 /* CalendarTableViewCell.xib in Resources */ = {isa = PBXBuildFile; fileRef = 49B2A3071A268070004EED86 /* CalendarTableViewCell.xib */; };
		49B2A33A1A268070004EED86 /* CalendarTableViewController.swift in Sources */ = {isa = PBXBuildFile; fileRef = 49B2A3081A268070004EED86 /* CalendarTableViewController.swift */; };
		49B2A33B1A268070004EED86 /* ConnectTableFooterView.swift in Sources */ = {isa = PBXBuildFile; fileRef = 49B2A3091A268070004EED86 /* ConnectTableFooterView.swift */; };
		49B2A33C1A268070004EED86 /* ConnectTableFooterView.xib in Resources */ = {isa = PBXBuildFile; fileRef = 49B2A30A1A268070004EED86 /* ConnectTableFooterView.xib */; };
		49B2A33D1A268070004EED86 /* ConnectTableViewCell.swift in Sources */ = {isa = PBXBuildFile; fileRef = 49B2A30B1A268070004EED86 /* ConnectTableViewCell.swift */; };
		49B2A33E1A268070004EED86 /* ConnectTableViewCell.xib in Resources */ = {isa = PBXBuildFile; fileRef = 49B2A30C1A268070004EED86 /* ConnectTableViewCell.xib */; };
		49B2A33F1A268070004EED86 /* ConnectTableViewController.swift in Sources */ = {isa = PBXBuildFile; fileRef = 49B2A30D1A268070004EED86 /* ConnectTableViewController.swift */; };
		49B2A3401A268070004EED86 /* CustomTableViewController.swift in Sources */ = {isa = PBXBuildFile; fileRef = 49B2A30E1A268070004EED86 /* CustomTableViewController.swift */; };
		49B2A3411A268070004EED86 /* ErrorAlerter.swift in Sources */ = {isa = PBXBuildFile; fileRef = 49B2A30F1A268070004EED86 /* ErrorAlerter.swift */; };
		49B2A3421A268070004EED86 /* EventViewController.swift in Sources */ = {isa = PBXBuildFile; fileRef = 49B2A3101A268070004EED86 /* EventViewController.swift */; };
		49B2A3431A268070004EED86 /* FeaturedViewController.swift in Sources */ = {isa = PBXBuildFile; fileRef = 49B2A3111A268070004EED86 /* FeaturedViewController.swift */; };
		49B2A3441A268070004EED86 /* GiveViewController.swift in Sources */ = {isa = PBXBuildFile; fileRef = 49B2A3131A268070004EED86 /* GiveViewController.swift */; };
		49B2A3451A268070004EED86 /* HomeViewController.swift in Sources */ = {isa = PBXBuildFile; fileRef = 49B2A3141A268070004EED86 /* HomeViewController.swift */; };
		49B2A3461A268070004EED86 /* Images.xcassets in Resources */ = {isa = PBXBuildFile; fileRef = 49B2A3151A268070004EED86 /* Images.xcassets */; };
		49B2A3481A268070004EED86 /* MediaMasterTableViewCell.swift in Sources */ = {isa = PBXBuildFile; fileRef = 49B2A3171A268070004EED86 /* MediaMasterTableViewCell.swift */; };
		49B2A3491A268070004EED86 /* MediaMasterTableViewCell.xib in Resources */ = {isa = PBXBuildFile; fileRef = 49B2A3181A268070004EED86 /* MediaMasterTableViewCell.xib */; };
		49B2A34A1A268070004EED86 /* MediaMasterTableViewController.swift in Sources */ = {isa = PBXBuildFile; fileRef = 49B2A3191A268070004EED86 /* MediaMasterTableViewController.swift */; };
		49B2A34B1A268070004EED86 /* MediaTableViewController.swift in Sources */ = {isa = PBXBuildFile; fileRef = 49B2A31A1A268070004EED86 /* MediaTableViewController.swift */; };
		49B2A34C1A268070004EED86 /* MediaWebViewController.swift in Sources */ = {isa = PBXBuildFile; fileRef = 49B2A31B1A268070004EED86 /* MediaWebViewController.swift */; };
		49B2A34D1A268070004EED86 /* MyriadPro-Regular.otf in Resources */ = {isa = PBXBuildFile; fileRef = 49B2A31C1A268070004EED86 /* MyriadPro-Regular.otf */; };
		49B2A34E1A268070004EED86 /* MyriadPro-Semibold.otf in Resources */ = {isa = PBXBuildFile; fileRef = 49B2A31D1A268070004EED86 /* MyriadPro-Semibold.otf */; };
		49B2A34F1A268070004EED86 /* PrayerRequestViewController.swift in Sources */ = {isa = PBXBuildFile; fileRef = 49B2A31E1A268070004EED86 /* PrayerRequestViewController.swift */; };
		49B2A3501A268070004EED86 /* Reachability.m in Sources */ = {isa = PBXBuildFile; fileRef = 49B2A3201A268070004EED86 /* Reachability.m */; };
		49B2A3511A268070004EED86 /* RootTabBarController.swift in Sources */ = {isa = PBXBuildFile; fileRef = 49B2A3211A268070004EED86 /* RootTabBarController.swift */; };
		49B2A3521A268070004EED86 /* UIChangingLabel.swift in Sources */ = {isa = PBXBuildFile; fileRef = 49B2A3221A268070004EED86 /* UIChangingLabel.swift */; };
		49B2A3531A268070004EED86 /* UIColorExtensions.swift in Sources */ = {isa = PBXBuildFile; fileRef = 49B2A3231A268070004EED86 /* UIColorExtensions.swift */; };
		49B2A3541A268070004EED86 /* UIDevice+Hardware.m in Sources */ = {isa = PBXBuildFile; fileRef = 49B2A3251A268070004EED86 /* UIDevice+Hardware.m */; };
		49B2A3551A268070004EED86 /* UIFontExtensions.swift in Sources */ = {isa = PBXBuildFile; fileRef = 49B2A3261A268070004EED86 /* UIFontExtensions.swift */; };
		49B2A3561A268070004EED86 /* UIImageExtensions.swift in Sources */ = {isa = PBXBuildFile; fileRef = 49B2A3271A268070004EED86 /* UIImageExtensions.swift */; };
		49B2A3571A268070004EED86 /* UIPlaceHolderTextView.m in Sources */ = {isa = PBXBuildFile; fileRef = 49B2A3291A268070004EED86 /* UIPlaceHolderTextView.m */; };
		49B2A3581A268070004EED86 /* Witness.swift in Sources */ = {isa = PBXBuildFile; fileRef = 49B2A32A1A268070004EED86 /* Witness.swift */; };
		49B2A3591A268070004EED86 /* WitnessesDataSource.swift in Sources */ = {isa = PBXBuildFile; fileRef = 49B2A32B1A268070004EED86 /* WitnessesDataSource.swift */; };
		49B2A3671A26829D004EED86 /* Crashlytics.framework in Frameworks */ = {isa = PBXBuildFile; fileRef = 49B2A3641A26829D004EED86 /* Crashlytics.framework */; };
		49B2A3681A26829D004EED86 /* Fabric.framework in Frameworks */ = {isa = PBXBuildFile; fileRef = 49B2A3651A26829D004EED86 /* Fabric.framework */; };
		49C83A1B1A2BCB3B00E02C96 /* NotificationsTableViewCell.swift in Sources */ = {isa = PBXBuildFile; fileRef = 49C83A1A1A2BCB3B00E02C96 /* NotificationsTableViewCell.swift */; };
		49C83A1F1A2BCB8A00E02C96 /* NotificationsTableViewCell.xib in Resources */ = {isa = PBXBuildFile; fileRef = 49C83A1E1A2BCB8A00E02C96 /* NotificationsTableViewCell.xib */; };
		49D5079C1A37A33A00531F23 /* WSLHTMLEntities.lm in Sources */ = {isa = PBXBuildFile; fileRef = 49D507991A37A33A00531F23 /* WSLHTMLEntities.lm */; };
		49D5079D1A37A33A00531F23 /* WSLHTMLEntities.m in Sources */ = {isa = PBXBuildFile; fileRef = 49D5079A1A37A33A00531F23 /* WSLHTMLEntities.m */; };
		49D507A21A37C18E00531F23 /* CalendarTableViewAllDayCell.swift in Sources */ = {isa = PBXBuildFile; fileRef = 49D507A01A37C18E00531F23 /* CalendarTableViewAllDayCell.swift */; };
		49D507A31A37C18E00531F23 /* CalendarTableViewAllDayCell.xib in Resources */ = {isa = PBXBuildFile; fileRef = 49D507A11A37C18E00531F23 /* CalendarTableViewAllDayCell.xib */; };
/* End PBXBuildFile section */

/* Begin PBXContainerItemProxy section */
		492569DA1A34EE030006C252 /* PBXContainerItemProxy */ = {
			isa = PBXContainerItemProxy;
			containerPortal = 4900738E1A34B9590086CE0B /* ExSwift.xcodeproj */;
			proxyType = 2;
			remoteGlobalIDString = 1E11AF841943222D006BCE48;
			remoteInfo = ExSwift;
		};
		492569DC1A34EE030006C252 /* PBXContainerItemProxy */ = {
			isa = PBXContainerItemProxy;
			containerPortal = 4900738E1A34B9590086CE0B /* ExSwift.xcodeproj */;
			proxyType = 2;
			remoteGlobalIDString = 1E11AF8F1943222D006BCE48;
			remoteInfo = ExSwiftTests;
		};
		492569DE1A34EE030006C252 /* PBXContainerItemProxy */ = {
			isa = PBXContainerItemProxy;
			containerPortal = 4900738E1A34B9590086CE0B /* ExSwift.xcodeproj */;
			proxyType = 2;
			remoteGlobalIDString = 2E8CE8EB194ECF2A008B9919;
			remoteInfo = "ExSwift-iOS";
		};
		492569E01A34EE030006C252 /* PBXContainerItemProxy */ = {
			isa = PBXContainerItemProxy;
			containerPortal = 4900738E1A34B9590086CE0B /* ExSwift.xcodeproj */;
			proxyType = 2;
			remoteGlobalIDString = 2EC02FBD194ED0D500619CB5;
			remoteInfo = "ExSwift-iOS Tests";
		};
		49B2A2E91A268022004EED86 /* PBXContainerItemProxy */ = {
			isa = PBXContainerItemProxy;
			containerPortal = 49B2A2C91A268022004EED86 /* Project object */;
			proxyType = 1;
			remoteGlobalIDString = 49B2A2D01A268022004EED86;
			remoteInfo = FUMC;
		};
/* End PBXContainerItemProxy section */

/* Begin PBXFileReference section */
		4900737C1A342D820086CE0B /* DictionaryExtensions.swift */ = {isa = PBXFileReference; fileEncoding = 4; lastKnownFileType = sourcecode.swift; name = DictionaryExtensions.swift; path = FUMC/DictionaryExtensions.swift; sourceTree = "<group>"; };
		490073801A34B9590086CE0B /* Array.swift */ = {isa = PBXFileReference; fileEncoding = 4; lastKnownFileType = sourcecode.swift; path = Array.swift; sourceTree = "<group>"; };
		490073811A34B9590086CE0B /* Dictionary.swift */ = {isa = PBXFileReference; fileEncoding = 4; lastKnownFileType = sourcecode.swift; path = Dictionary.swift; sourceTree = "<group>"; };
		490073821A34B9590086CE0B /* Double.swift */ = {isa = PBXFileReference; fileEncoding = 4; lastKnownFileType = sourcecode.swift; path = Double.swift; sourceTree = "<group>"; };
		490073831A34B9590086CE0B /* ExSwift.h */ = {isa = PBXFileReference; fileEncoding = 4; lastKnownFileType = sourcecode.c.h; path = ExSwift.h; sourceTree = "<group>"; };
		490073841A34B9590086CE0B /* ExSwift.swift */ = {isa = PBXFileReference; fileEncoding = 4; lastKnownFileType = sourcecode.swift; path = ExSwift.swift; sourceTree = "<group>"; };
		490073851A34B9590086CE0B /* Float.swift */ = {isa = PBXFileReference; fileEncoding = 4; lastKnownFileType = sourcecode.swift; path = Float.swift; sourceTree = "<group>"; };
		490073861A34B9590086CE0B /* Info.plist */ = {isa = PBXFileReference; fileEncoding = 4; lastKnownFileType = text.plist.xml; path = Info.plist; sourceTree = "<group>"; };
		490073871A34B9590086CE0B /* Int.swift */ = {isa = PBXFileReference; fileEncoding = 4; lastKnownFileType = sourcecode.swift; path = Int.swift; sourceTree = "<group>"; };
		490073881A34B9590086CE0B /* NSArray.swift */ = {isa = PBXFileReference; fileEncoding = 4; lastKnownFileType = sourcecode.swift; path = NSArray.swift; sourceTree = "<group>"; };
		490073891A34B9590086CE0B /* Range.swift */ = {isa = PBXFileReference; fileEncoding = 4; lastKnownFileType = sourcecode.swift; path = Range.swift; sourceTree = "<group>"; };
		4900738A1A34B9590086CE0B /* Sequence.swift */ = {isa = PBXFileReference; fileEncoding = 4; lastKnownFileType = sourcecode.swift; path = Sequence.swift; sourceTree = "<group>"; };
		4900738B1A34B9590086CE0B /* String.swift */ = {isa = PBXFileReference; fileEncoding = 4; lastKnownFileType = sourcecode.swift; path = String.swift; sourceTree = "<group>"; };
		4900738D1A34B9590086CE0B /* ExSwift.podspec */ = {isa = PBXFileReference; fileEncoding = 4; lastKnownFileType = text; path = ExSwift.podspec; sourceTree = "<group>"; };
		4900738E1A34B9590086CE0B /* ExSwift.xcodeproj */ = {isa = PBXFileReference; lastKnownFileType = "wrapper.pb-project"; path = ExSwift.xcodeproj; sourceTree = "<group>"; };
		4900738F1A34B9590086CE0B /* ExSwiftArrayTests.swift */ = {isa = PBXFileReference; fileEncoding = 4; lastKnownFileType = sourcecode.swift; path = ExSwiftArrayTests.swift; sourceTree = "<group>"; };
		490073901A34B9590086CE0B /* ExSwiftDictionaryTests.swift */ = {isa = PBXFileReference; fileEncoding = 4; lastKnownFileType = sourcecode.swift; path = ExSwiftDictionaryTests.swift; sourceTree = "<group>"; };
		490073911A34B9590086CE0B /* ExSwiftDoubleTests.swift */ = {isa = PBXFileReference; fileEncoding = 4; lastKnownFileType = sourcecode.swift; path = ExSwiftDoubleTests.swift; sourceTree = "<group>"; };
		490073921A34B9590086CE0B /* ExSwiftFloatTests.swift */ = {isa = PBXFileReference; fileEncoding = 4; lastKnownFileType = sourcecode.swift; path = ExSwiftFloatTests.swift; sourceTree = "<group>"; };
		490073931A34B9590086CE0B /* ExSwiftIntTests.swift */ = {isa = PBXFileReference; fileEncoding = 4; lastKnownFileType = sourcecode.swift; path = ExSwiftIntTests.swift; sourceTree = "<group>"; };
		490073941A34B9590086CE0B /* ExSwiftNSArrayTests.swift */ = {isa = PBXFileReference; fileEncoding = 4; lastKnownFileType = sourcecode.swift; path = ExSwiftNSArrayTests.swift; sourceTree = "<group>"; };
		490073951A34B9590086CE0B /* ExSwiftRangeTests.swift */ = {isa = PBXFileReference; fileEncoding = 4; lastKnownFileType = sourcecode.swift; path = ExSwiftRangeTests.swift; sourceTree = "<group>"; };
		490073961A34B9590086CE0B /* ExSwiftSequenceTests.swift */ = {isa = PBXFileReference; fileEncoding = 4; lastKnownFileType = sourcecode.swift; path = ExSwiftSequenceTests.swift; sourceTree = "<group>"; };
		490073971A34B9590086CE0B /* ExSwiftStringTests.swift */ = {isa = PBXFileReference; fileEncoding = 4; lastKnownFileType = sourcecode.swift; path = ExSwiftStringTests.swift; sourceTree = "<group>"; };
		490073981A34B9590086CE0B /* ExSwiftTests.swift */ = {isa = PBXFileReference; fileEncoding = 4; lastKnownFileType = sourcecode.swift; path = ExSwiftTests.swift; sourceTree = "<group>"; };
		490073991A34B9590086CE0B /* Info.plist */ = {isa = PBXFileReference; fileEncoding = 4; lastKnownFileType = text.plist.xml; path = Info.plist; sourceTree = "<group>"; };
		4900739B1A34B9590086CE0B /* LICENSE */ = {isa = PBXFileReference; fileEncoding = 4; lastKnownFileType = text; path = LICENSE; sourceTree = "<group>"; };
		4900739C1A34B9590086CE0B /* README.md */ = {isa = PBXFileReference; fileEncoding = 4; lastKnownFileType = net.daringfireball.markdown; path = README.md; sourceTree = "<group>"; };
		490C659E1A3230A700E87130 /* Calendar.swift */ = {isa = PBXFileReference; fileEncoding = 4; lastKnownFileType = sourcecode.swift; name = Calendar.swift; path = FUMC/Calendar.swift; sourceTree = "<group>"; };
		490C65A31A324F7700E87130 /* CalendarsDataSource.swift */ = {isa = PBXFileReference; fileEncoding = 4; lastKnownFileType = sourcecode.swift; name = CalendarsDataSource.swift; path = FUMC/CalendarsDataSource.swift; sourceTree = "<group>"; };
		490C65A51A33895D00E87130 /* NSDateExtensions.swift */ = {isa = PBXFileReference; fileEncoding = 4; lastKnownFileType = sourcecode.swift; name = NSDateExtensions.swift; path = FUMC/NSDateExtensions.swift; sourceTree = "<group>"; };
		49209A501A360BD600DDD45E /* RadioView.swift */ = {isa = PBXFileReference; fileEncoding = 4; lastKnownFileType = sourcecode.swift; name = RadioView.swift; path = FUMC/RadioView.swift; sourceTree = "<group>"; };
		494DF9DA1A3200C60040D02C /* CalendarSettingsTableViewCell.swift */ = {isa = PBXFileReference; fileEncoding = 4; lastKnownFileType = sourcecode.swift; name = CalendarSettingsTableViewCell.swift; path = FUMC/CalendarSettingsTableViewCell.swift; sourceTree = "<group>"; };
		494F80971A3155C000403C6B /* CalendarSettingsViewController.swift */ = {isa = PBXFileReference; fileEncoding = 4; lastKnownFileType = sourcecode.swift; name = CalendarSettingsViewController.swift; path = FUMC/CalendarSettingsViewController.swift; sourceTree = "<group>"; };
		495B5BEC1A2E44870033DE8D /* CoreData.framework */ = {isa = PBXFileReference; lastKnownFileType = wrapper.framework; name = CoreData.framework; path = System/Library/Frameworks/CoreData.framework; sourceTree = SDKROOT; };
		495B5C271A2E54180033DE8D /* Notification.swift */ = {isa = PBXFileReference; fileEncoding = 4; lastKnownFileType = sourcecode.swift; name = Notification.swift; path = FUMC/Notification.swift; sourceTree = "<group>"; };
		495B5C291A2E558F0033DE8D /* NotificationsDataSource.swift */ = {isa = PBXFileReference; fileEncoding = 4; lastKnownFileType = sourcecode.swift; name = NotificationsDataSource.swift; path = FUMC/NotificationsDataSource.swift; sourceTree = "<group>"; };
		49940D6B1A2F89BA00E97CD7 /* RKDropdownAlert.h */ = {isa = PBXFileReference; fileEncoding = 4; lastKnownFileType = sourcecode.c.h; name = RKDropdownAlert.h; path = FUMC/RKDropdownAlert.h; sourceTree = "<group>"; };
		49940D6C1A2F89BA00E97CD7 /* RKDropdownAlert.m */ = {isa = PBXFileReference; fileEncoding = 4; lastKnownFileType = sourcecode.c.objc; name = RKDropdownAlert.m; path = FUMC/RKDropdownAlert.m; sourceTree = "<group>"; };
		49952EE11A26888B002B06FA /* NotificationsTableViewController.swift */ = {isa = PBXFileReference; fileEncoding = 4; lastKnownFileType = sourcecode.swift; name = NotificationsTableViewController.swift; path = FUMC/NotificationsTableViewController.swift; sourceTree = "<group>"; };
		49952EE31A268BF5002B06FA /* NotificationBarButtonItem.swift */ = {isa = PBXFileReference; fileEncoding = 4; lastKnownFileType = sourcecode.swift; name = NotificationBarButtonItem.swift; path = FUMC/NotificationBarButtonItem.swift; sourceTree = "<group>"; };
		49A5696C1A38D93C00B6F1E4 /* Launch Screen.xib */ = {isa = PBXFileReference; fileEncoding = 4; lastKnownFileType = file.xib; path = "Launch Screen.xib"; sourceTree = "<group>"; };
		49A5696F1A39F66500B6F1E4 /* API.swift */ = {isa = PBXFileReference; fileEncoding = 4; lastKnownFileType = sourcecode.swift; name = API.swift; path = FUMC/API.swift; sourceTree = "<group>"; };
		49A569731A3A5ACD00B6F1E4 /* ActivityIndicatorView.swift */ = {isa = PBXFileReference; fileEncoding = 4; lastKnownFileType = sourcecode.swift; name = ActivityIndicatorView.swift; path = FUMC/ActivityIndicatorView.swift; sourceTree = "<group>"; };
		49A569861A40807500B6F1E4 /* CalendarSettingsSelectTableViewCell.swift */ = {isa = PBXFileReference; fileEncoding = 4; lastKnownFileType = sourcecode.swift; name = CalendarSettingsSelectTableViewCell.swift; path = FUMC/CalendarSettingsSelectTableViewCell.swift; sourceTree = "<group>"; };
		49A569871A40807500B6F1E4 /* CalendarSettingsSelectTableViewCell.xib */ = {isa = PBXFileReference; fileEncoding = 4; lastKnownFileType = file.xib; name = CalendarSettingsSelectTableViewCell.xib; path = FUMC/CalendarSettingsSelectTableViewCell.xib; sourceTree = "<group>"; };
		49B2A2D11A268022004EED86 /* FUMC.app */ = {isa = PBXFileReference; explicitFileType = wrapper.application; includeInIndex = 0; path = FUMC.app; sourceTree = BUILT_PRODUCTS_DIR; };
		49B2A2E81A268022004EED86 /* FUMCTests.xctest */ = {isa = PBXFileReference; explicitFileType = wrapper.cfbundle; includeInIndex = 0; path = FUMCTests.xctest; sourceTree = BUILT_PRODUCTS_DIR; };
		49B2A2ED1A268023004EED86 /* Info.plist */ = {isa = PBXFileReference; lastKnownFileType = text.plist.xml; path = Info.plist; sourceTree = "<group>"; };
		49B2A2EE1A268023004EED86 /* FUMCTests.swift */ = {isa = PBXFileReference; lastKnownFileType = sourcecode.swift; path = FUMCTests.swift; sourceTree = "<group>"; };
		49B2A2F81A268070004EED86 /* AppDelegate.swift */ = {isa = PBXFileReference; fileEncoding = 4; lastKnownFileType = sourcecode.swift; path = AppDelegate.swift; sourceTree = "<group>"; };
		49B2A2FB1A268070004EED86 /* Base */ = {isa = PBXFileReference; lastKnownFileType = file.storyboard; name = Base; path = Main.storyboard; sourceTree = "<group>"; };
		49B2A2FC1A268070004EED86 /* BebasNeue Bold.otf */ = {isa = PBXFileReference; lastKnownFileType = file; name = "BebasNeue Bold.otf"; path = "FUMC/BebasNeue Bold.otf"; sourceTree = "<group>"; };
		49B2A2FD1A268070004EED86 /* BebasNeue Book.otf */ = {isa = PBXFileReference; lastKnownFileType = file; name = "BebasNeue Book.otf"; path = "FUMC/BebasNeue Book.otf"; sourceTree = "<group>"; };
		49B2A2FE1A268070004EED86 /* BebasNeue Light.otf */ = {isa = PBXFileReference; lastKnownFileType = file; name = "BebasNeue Light.otf"; path = "FUMC/BebasNeue Light.otf"; sourceTree = "<group>"; };
		49B2A2FF1A268070004EED86 /* BebasNeue Regular.otf */ = {isa = PBXFileReference; lastKnownFileType = file; name = "BebasNeue Regular.otf"; path = "FUMC/BebasNeue Regular.otf"; sourceTree = "<group>"; };
		49B2A3001A268070004EED86 /* BebasNeue Thin.otf */ = {isa = PBXFileReference; lastKnownFileType = file; name = "BebasNeue Thin.otf"; path = "FUMC/BebasNeue Thin.otf"; sourceTree = "<group>"; };
		49B2A3011A268070004EED86 /* Bulletin.swift */ = {isa = PBXFileReference; fileEncoding = 4; lastKnownFileType = sourcecode.swift; name = Bulletin.swift; path = FUMC/Bulletin.swift; sourceTree = "<group>"; };
		49B2A3021A268070004EED86 /* BulletinsDataSource.swift */ = {isa = PBXFileReference; fileEncoding = 4; lastKnownFileType = sourcecode.swift; name = BulletinsDataSource.swift; path = FUMC/BulletinsDataSource.swift; sourceTree = "<group>"; };
		49B2A3031A268070004EED86 /* CalendarEvent.swift */ = {isa = PBXFileReference; fileEncoding = 4; lastKnownFileType = sourcecode.swift; name = CalendarEvent.swift; path = FUMC/CalendarEvent.swift; sourceTree = "<group>"; };
		49B2A3041A268070004EED86 /* CalendarTableHeaderView.swift */ = {isa = PBXFileReference; fileEncoding = 4; lastKnownFileType = sourcecode.swift; name = CalendarTableHeaderView.swift; path = FUMC/CalendarTableHeaderView.swift; sourceTree = "<group>"; };
		49B2A3051A268070004EED86 /* CalendarTableHeaderView.xib */ = {isa = PBXFileReference; fileEncoding = 4; lastKnownFileType = file.xib; name = CalendarTableHeaderView.xib; path = FUMC/CalendarTableHeaderView.xib; sourceTree = "<group>"; };
		49B2A3061A268070004EED86 /* CalendarTableViewCell.swift */ = {isa = PBXFileReference; fileEncoding = 4; lastKnownFileType = sourcecode.swift; name = CalendarTableViewCell.swift; path = FUMC/CalendarTableViewCell.swift; sourceTree = "<group>"; };
		49B2A3071A268070004EED86 /* CalendarTableViewCell.xib */ = {isa = PBXFileReference; fileEncoding = 4; lastKnownFileType = file.xib; name = CalendarTableViewCell.xib; path = FUMC/CalendarTableViewCell.xib; sourceTree = "<group>"; };
		49B2A3081A268070004EED86 /* CalendarTableViewController.swift */ = {isa = PBXFileReference; fileEncoding = 4; lastKnownFileType = sourcecode.swift; name = CalendarTableViewController.swift; path = FUMC/CalendarTableViewController.swift; sourceTree = "<group>"; };
		49B2A3091A268070004EED86 /* ConnectTableFooterView.swift */ = {isa = PBXFileReference; fileEncoding = 4; lastKnownFileType = sourcecode.swift; name = ConnectTableFooterView.swift; path = FUMC/ConnectTableFooterView.swift; sourceTree = "<group>"; };
		49B2A30A1A268070004EED86 /* ConnectTableFooterView.xib */ = {isa = PBXFileReference; fileEncoding = 4; lastKnownFileType = file.xib; name = ConnectTableFooterView.xib; path = FUMC/ConnectTableFooterView.xib; sourceTree = "<group>"; };
		49B2A30B1A268070004EED86 /* ConnectTableViewCell.swift */ = {isa = PBXFileReference; fileEncoding = 4; lastKnownFileType = sourcecode.swift; name = ConnectTableViewCell.swift; path = FUMC/ConnectTableViewCell.swift; sourceTree = "<group>"; };
		49B2A30C1A268070004EED86 /* ConnectTableViewCell.xib */ = {isa = PBXFileReference; fileEncoding = 4; lastKnownFileType = file.xib; name = ConnectTableViewCell.xib; path = FUMC/ConnectTableViewCell.xib; sourceTree = "<group>"; };
		49B2A30D1A268070004EED86 /* ConnectTableViewController.swift */ = {isa = PBXFileReference; fileEncoding = 4; lastKnownFileType = sourcecode.swift; name = ConnectTableViewController.swift; path = FUMC/ConnectTableViewController.swift; sourceTree = "<group>"; };
		49B2A30E1A268070004EED86 /* CustomTableViewController.swift */ = {isa = PBXFileReference; fileEncoding = 4; lastKnownFileType = sourcecode.swift; name = CustomTableViewController.swift; path = FUMC/CustomTableViewController.swift; sourceTree = "<group>"; };
		49B2A30F1A268070004EED86 /* ErrorAlerter.swift */ = {isa = PBXFileReference; fileEncoding = 4; lastKnownFileType = sourcecode.swift; name = ErrorAlerter.swift; path = FUMC/ErrorAlerter.swift; sourceTree = "<group>"; };
		49B2A3101A268070004EED86 /* EventViewController.swift */ = {isa = PBXFileReference; fileEncoding = 4; lastKnownFileType = sourcecode.swift; name = EventViewController.swift; path = FUMC/EventViewController.swift; sourceTree = "<group>"; };
		49B2A3111A268070004EED86 /* FeaturedViewController.swift */ = {isa = PBXFileReference; fileEncoding = 4; lastKnownFileType = sourcecode.swift; name = FeaturedViewController.swift; path = FUMC/FeaturedViewController.swift; sourceTree = "<group>"; };
		49B2A3121A268070004EED86 /* FUMC-Bridging-Header.h */ = {isa = PBXFileReference; fileEncoding = 4; lastKnownFileType = sourcecode.c.h; name = "FUMC-Bridging-Header.h"; path = "FUMC/FUMC-Bridging-Header.h"; sourceTree = "<group>"; };
		49B2A3131A268070004EED86 /* GiveViewController.swift */ = {isa = PBXFileReference; fileEncoding = 4; lastKnownFileType = sourcecode.swift; name = GiveViewController.swift; path = FUMC/GiveViewController.swift; sourceTree = "<group>"; };
		49B2A3141A268070004EED86 /* HomeViewController.swift */ = {isa = PBXFileReference; fileEncoding = 4; lastKnownFileType = sourcecode.swift; name = HomeViewController.swift; path = FUMC/HomeViewController.swift; sourceTree = "<group>"; };
		49B2A3151A268070004EED86 /* Images.xcassets */ = {isa = PBXFileReference; lastKnownFileType = folder.assetcatalog; path = Images.xcassets; sourceTree = "<group>"; };
		49B2A3161A268070004EED86 /* Info.plist */ = {isa = PBXFileReference; fileEncoding = 4; lastKnownFileType = text.plist.xml; name = Info.plist; path = FUMC/Info.plist; sourceTree = "<group>"; };
		49B2A3171A268070004EED86 /* MediaMasterTableViewCell.swift */ = {isa = PBXFileReference; fileEncoding = 4; lastKnownFileType = sourcecode.swift; name = MediaMasterTableViewCell.swift; path = FUMC/MediaMasterTableViewCell.swift; sourceTree = "<group>"; };
		49B2A3181A268070004EED86 /* MediaMasterTableViewCell.xib */ = {isa = PBXFileReference; fileEncoding = 4; lastKnownFileType = file.xib; name = MediaMasterTableViewCell.xib; path = FUMC/MediaMasterTableViewCell.xib; sourceTree = "<group>"; };
		49B2A3191A268070004EED86 /* MediaMasterTableViewController.swift */ = {isa = PBXFileReference; fileEncoding = 4; lastKnownFileType = sourcecode.swift; name = MediaMasterTableViewController.swift; path = FUMC/MediaMasterTableViewController.swift; sourceTree = "<group>"; };
		49B2A31A1A268070004EED86 /* MediaTableViewController.swift */ = {isa = PBXFileReference; fileEncoding = 4; lastKnownFileType = sourcecode.swift; name = MediaTableViewController.swift; path = FUMC/MediaTableViewController.swift; sourceTree = "<group>"; };
		49B2A31B1A268070004EED86 /* MediaWebViewController.swift */ = {isa = PBXFileReference; fileEncoding = 4; lastKnownFileType = sourcecode.swift; name = MediaWebViewController.swift; path = FUMC/MediaWebViewController.swift; sourceTree = "<group>"; };
		49B2A31C1A268070004EED86 /* MyriadPro-Regular.otf */ = {isa = PBXFileReference; lastKnownFileType = file; name = "MyriadPro-Regular.otf"; path = "FUMC/MyriadPro-Regular.otf"; sourceTree = "<group>"; };
		49B2A31D1A268070004EED86 /* MyriadPro-Semibold.otf */ = {isa = PBXFileReference; lastKnownFileType = file; name = "MyriadPro-Semibold.otf"; path = "FUMC/MyriadPro-Semibold.otf"; sourceTree = "<group>"; };
		49B2A31E1A268070004EED86 /* PrayerRequestViewController.swift */ = {isa = PBXFileReference; fileEncoding = 4; lastKnownFileType = sourcecode.swift; name = PrayerRequestViewController.swift; path = FUMC/PrayerRequestViewController.swift; sourceTree = "<group>"; };
		49B2A31F1A268070004EED86 /* Reachability.h */ = {isa = PBXFileReference; fileEncoding = 4; lastKnownFileType = sourcecode.c.h; name = Reachability.h; path = FUMC/Reachability.h; sourceTree = "<group>"; };
		49B2A3201A268070004EED86 /* Reachability.m */ = {isa = PBXFileReference; fileEncoding = 4; lastKnownFileType = sourcecode.c.objc; name = Reachability.m; path = FUMC/Reachability.m; sourceTree = "<group>"; };
		49B2A3211A268070004EED86 /* RootTabBarController.swift */ = {isa = PBXFileReference; fileEncoding = 4; lastKnownFileType = sourcecode.swift; name = RootTabBarController.swift; path = FUMC/RootTabBarController.swift; sourceTree = "<group>"; };
		49B2A3221A268070004EED86 /* UIChangingLabel.swift */ = {isa = PBXFileReference; fileEncoding = 4; lastKnownFileType = sourcecode.swift; name = UIChangingLabel.swift; path = FUMC/UIChangingLabel.swift; sourceTree = "<group>"; };
		49B2A3231A268070004EED86 /* UIColorExtensions.swift */ = {isa = PBXFileReference; fileEncoding = 4; lastKnownFileType = sourcecode.swift; name = UIColorExtensions.swift; path = FUMC/UIColorExtensions.swift; sourceTree = "<group>"; };
		49B2A3241A268070004EED86 /* UIDevice+Hardware.h */ = {isa = PBXFileReference; fileEncoding = 4; lastKnownFileType = sourcecode.c.h; name = "UIDevice+Hardware.h"; path = "FUMC/UIDevice+Hardware.h"; sourceTree = "<group>"; };
		49B2A3251A268070004EED86 /* UIDevice+Hardware.m */ = {isa = PBXFileReference; fileEncoding = 4; lastKnownFileType = sourcecode.c.objc; name = "UIDevice+Hardware.m"; path = "FUMC/UIDevice+Hardware.m"; sourceTree = "<group>"; };
		49B2A3261A268070004EED86 /* UIFontExtensions.swift */ = {isa = PBXFileReference; fileEncoding = 4; lastKnownFileType = sourcecode.swift; name = UIFontExtensions.swift; path = FUMC/UIFontExtensions.swift; sourceTree = "<group>"; };
		49B2A3271A268070004EED86 /* UIImageExtensions.swift */ = {isa = PBXFileReference; fileEncoding = 4; lastKnownFileType = sourcecode.swift; name = UIImageExtensions.swift; path = FUMC/UIImageExtensions.swift; sourceTree = "<group>"; };
		49B2A3281A268070004EED86 /* UIPlaceHolderTextView.h */ = {isa = PBXFileReference; fileEncoding = 4; lastKnownFileType = sourcecode.c.h; name = UIPlaceHolderTextView.h; path = FUMC/UIPlaceHolderTextView.h; sourceTree = "<group>"; };
		49B2A3291A268070004EED86 /* UIPlaceHolderTextView.m */ = {isa = PBXFileReference; fileEncoding = 4; lastKnownFileType = sourcecode.c.objc; name = UIPlaceHolderTextView.m; path = FUMC/UIPlaceHolderTextView.m; sourceTree = "<group>"; };
		49B2A32A1A268070004EED86 /* Witness.swift */ = {isa = PBXFileReference; fileEncoding = 4; lastKnownFileType = sourcecode.swift; name = Witness.swift; path = FUMC/Witness.swift; sourceTree = "<group>"; };
		49B2A32B1A268070004EED86 /* WitnessesDataSource.swift */ = {isa = PBXFileReference; fileEncoding = 4; lastKnownFileType = sourcecode.swift; name = WitnessesDataSource.swift; path = FUMC/WitnessesDataSource.swift; sourceTree = "<group>"; };
		49B2A3641A26829D004EED86 /* Crashlytics.framework */ = {isa = PBXFileReference; lastKnownFileType = wrapper.framework; path = Crashlytics.framework; sourceTree = "<group>"; };
		49B2A3651A26829D004EED86 /* Fabric.framework */ = {isa = PBXFileReference; lastKnownFileType = wrapper.framework; path = Fabric.framework; sourceTree = "<group>"; };
		49C83A1A1A2BCB3B00E02C96 /* NotificationsTableViewCell.swift */ = {isa = PBXFileReference; fileEncoding = 4; lastKnownFileType = sourcecode.swift; name = NotificationsTableViewCell.swift; path = FUMC/NotificationsTableViewCell.swift; sourceTree = "<group>"; };
		49C83A1E1A2BCB8A00E02C96 /* NotificationsTableViewCell.xib */ = {isa = PBXFileReference; fileEncoding = 4; lastKnownFileType = file.xib; name = NotificationsTableViewCell.xib; path = FUMC/NotificationsTableViewCell.xib; sourceTree = "<group>"; };
		49D507981A37A33A00531F23 /* WSLHTMLEntities.h */ = {isa = PBXFileReference; fileEncoding = 4; lastKnownFileType = sourcecode.c.h; name = WSLHTMLEntities.h; path = FUMC/WSLHTMLEntities.h; sourceTree = "<group>"; };
		49D507991A37A33A00531F23 /* WSLHTMLEntities.lm */ = {isa = PBXFileReference; fileEncoding = 4; lastKnownFileType = sourcecode.lex; name = WSLHTMLEntities.lm; path = FUMC/WSLHTMLEntities.lm; sourceTree = "<group>"; };
		49D5079A1A37A33A00531F23 /* WSLHTMLEntities.m */ = {isa = PBXFileReference; fileEncoding = 4; lastKnownFileType = sourcecode.c.objc; name = WSLHTMLEntities.m; path = FUMC/WSLHTMLEntities.m; sourceTree = "<group>"; };
		49D5079B1A37A33A00531F23 /* WSLHTMLEntityDefinitions.h */ = {isa = PBXFileReference; fileEncoding = 4; lastKnownFileType = sourcecode.c.h; name = WSLHTMLEntityDefinitions.h; path = FUMC/WSLHTMLEntityDefinitions.h; sourceTree = "<group>"; };
		49D507A01A37C18E00531F23 /* CalendarTableViewAllDayCell.swift */ = {isa = PBXFileReference; fileEncoding = 4; lastKnownFileType = sourcecode.swift; name = CalendarTableViewAllDayCell.swift; path = FUMC/CalendarTableViewAllDayCell.swift; sourceTree = "<group>"; };
		49D507A11A37C18E00531F23 /* CalendarTableViewAllDayCell.xib */ = {isa = PBXFileReference; fileEncoding = 4; lastKnownFileType = file.xib; name = CalendarTableViewAllDayCell.xib; path = FUMC/CalendarTableViewAllDayCell.xib; sourceTree = "<group>"; };
		5D4F8AA89947C82EF5AC8E35 /* Pods.debug.xcconfig */ = {isa = PBXFileReference; includeInIndex = 1; lastKnownFileType = text.xcconfig; name = Pods.debug.xcconfig; path = "Pods/Target Support Files/Pods/Pods.debug.xcconfig"; sourceTree = "<group>"; };
		BBEFB0F663F019D719FE0983 /* libPods.a */ = {isa = PBXFileReference; explicitFileType = archive.ar; includeInIndex = 0; path = libPods.a; sourceTree = BUILT_PRODUCTS_DIR; };
		CBC1F7B2E80AFF5BEE370E33 /* Pods.release.xcconfig */ = {isa = PBXFileReference; includeInIndex = 1; lastKnownFileType = text.xcconfig; name = Pods.release.xcconfig; path = "Pods/Target Support Files/Pods/Pods.release.xcconfig"; sourceTree = "<group>"; };
/* End PBXFileReference section */

/* Begin PBXFrameworksBuildPhase section */
		49B2A2CE1A268022004EED86 /* Frameworks */ = {
			isa = PBXFrameworksBuildPhase;
			buildActionMask = 2147483647;
			files = (
				49B2A3671A26829D004EED86 /* Crashlytics.framework in Frameworks */,
				49B2A3681A26829D004EED86 /* Fabric.framework in Frameworks */,
				0668526FF3E0C871644D3E6B /* libPods.a in Frameworks */,
			);
			runOnlyForDeploymentPostprocessing = 0;
		};
		49B2A2E51A268022004EED86 /* Frameworks */ = {
			isa = PBXFrameworksBuildPhase;
			buildActionMask = 2147483647;
			files = (
			);
			runOnlyForDeploymentPostprocessing = 0;
		};
/* End PBXFrameworksBuildPhase section */

/* Begin PBXGroup section */
		4900738C1A34B9590086CE0B /* ExSwift */ = {
			isa = PBXGroup;
			children = (
				490073801A34B9590086CE0B /* Array.swift */,
				490073811A34B9590086CE0B /* Dictionary.swift */,
				490073821A34B9590086CE0B /* Double.swift */,
				490073831A34B9590086CE0B /* ExSwift.h */,
				490073841A34B9590086CE0B /* ExSwift.swift */,
				490073851A34B9590086CE0B /* Float.swift */,
				490073861A34B9590086CE0B /* Info.plist */,
				490073871A34B9590086CE0B /* Int.swift */,
				490073881A34B9590086CE0B /* NSArray.swift */,
				490073891A34B9590086CE0B /* Range.swift */,
				4900738A1A34B9590086CE0B /* Sequence.swift */,
				4900738B1A34B9590086CE0B /* String.swift */,
			);
			path = ExSwift;
			sourceTree = "<group>";
		};
		4900739A1A34B9590086CE0B /* ExSwiftTests */ = {
			isa = PBXGroup;
			children = (
				4900738F1A34B9590086CE0B /* ExSwiftArrayTests.swift */,
				490073901A34B9590086CE0B /* ExSwiftDictionaryTests.swift */,
				490073911A34B9590086CE0B /* ExSwiftDoubleTests.swift */,
				490073921A34B9590086CE0B /* ExSwiftFloatTests.swift */,
				490073931A34B9590086CE0B /* ExSwiftIntTests.swift */,
				490073941A34B9590086CE0B /* ExSwiftNSArrayTests.swift */,
				490073951A34B9590086CE0B /* ExSwiftRangeTests.swift */,
				490073961A34B9590086CE0B /* ExSwiftSequenceTests.swift */,
				490073971A34B9590086CE0B /* ExSwiftStringTests.swift */,
				490073981A34B9590086CE0B /* ExSwiftTests.swift */,
				490073991A34B9590086CE0B /* Info.plist */,
			);
			path = ExSwiftTests;
			sourceTree = "<group>";
		};
		4900739D1A34B9590086CE0B /* ExSwift */ = {
			isa = PBXGroup;
			children = (
				4900738C1A34B9590086CE0B /* ExSwift */,
				4900738D1A34B9590086CE0B /* ExSwift.podspec */,
				4900738E1A34B9590086CE0B /* ExSwift.xcodeproj */,
				4900739A1A34B9590086CE0B /* ExSwiftTests */,
				4900739B1A34B9590086CE0B /* LICENSE */,
				4900739C1A34B9590086CE0B /* README.md */,
			);
			path = ExSwift;
			sourceTree = "<group>";
		};
		492569D41A34EE030006C252 /* Products */ = {
			isa = PBXGroup;
			children = (
				492569DB1A34EE030006C252 /* ExSwift.framework */,
				492569DD1A34EE030006C252 /* ExSwiftTests.xctest */,
				492569DF1A34EE030006C252 /* ExSwift.framework */,
				492569E11A34EE030006C252 /* ExSwift-iOS Tests.xctest */,
			);
			name = Products;
			sourceTree = "<group>";
		};
		49B2A2C81A268022004EED86 = {
			isa = PBXGroup;
			children = (
				49B2A3121A268070004EED86 /* FUMC-Bridging-Header.h */,
				49B2A2D31A268022004EED86 /* FUMC */,
				49B2A3641A26829D004EED86 /* Crashlytics.framework */,
				49B2A3651A26829D004EED86 /* Fabric.framework */,
				49B2A2EB1A268022004EED86 /* FUMCTests */,
				49B2A2D21A268022004EED86 /* Products */,
				AB214726C9C4F430C63B422A /* Pods */,
				7B69E7F3C551EDB41F9B412B /* Frameworks */,
				4900739D1A34B9590086CE0B /* ExSwift */,
			);
			sourceTree = "<group>";
		};
		49B2A2D21A268022004EED86 /* Products */ = {
			isa = PBXGroup;
			children = (
				49B2A2D11A268022004EED86 /* FUMC.app */,
				49B2A2E81A268022004EED86 /* FUMCTests.xctest */,
			);
			name = Products;
			sourceTree = "<group>";
		};
		49B2A2D31A268022004EED86 /* FUMC */ = {
			isa = PBXGroup;
			children = (
				49B2A2F81A268070004EED86 /* AppDelegate.swift */,
				49B2A35B1A26809B004EED86 /* Models */,
				49B2A35C1A2680A8004EED86 /* Data Sources */,
				49B2A35E1A2680C2004EED86 /* View Controllers */,
				49B2A35D1A2680B9004EED86 /* Views */,
				49B2A3611A2680F3004EED86 /* Utilities */,
				49B2A35A1A26808C004EED86 /* Supporting Files */,
				49B2A3151A268070004EED86 /* Images.xcassets */,
				49B2A2FA1A268070004EED86 /* Main.storyboard */,
				49A5696C1A38D93C00B6F1E4 /* Launch Screen.xib */,
			);
			path = FUMC;
			sourceTree = "<group>";
		};
		49B2A2EB1A268022004EED86 /* FUMCTests */ = {
			isa = PBXGroup;
			children = (
				49B2A2EE1A268023004EED86 /* FUMCTests.swift */,
				49B2A2EC1A268023004EED86 /* Supporting Files */,
			);
			path = FUMCTests;
			sourceTree = "<group>";
		};
		49B2A2EC1A268023004EED86 /* Supporting Files */ = {
			isa = PBXGroup;
			children = (
				49B2A2ED1A268023004EED86 /* Info.plist */,
			);
			name = "Supporting Files";
			sourceTree = "<group>";
		};
		49B2A35A1A26808C004EED86 /* Supporting Files */ = {
			isa = PBXGroup;
			children = (
				49B2A2FC1A268070004EED86 /* BebasNeue Bold.otf */,
				49B2A2FD1A268070004EED86 /* BebasNeue Book.otf */,
				49B2A2FE1A268070004EED86 /* BebasNeue Light.otf */,
				49B2A2FF1A268070004EED86 /* BebasNeue Regular.otf */,
				49B2A3001A268070004EED86 /* BebasNeue Thin.otf */,
				49B2A31C1A268070004EED86 /* MyriadPro-Regular.otf */,
				49B2A31D1A268070004EED86 /* MyriadPro-Semibold.otf */,
				49B2A3161A268070004EED86 /* Info.plist */,
			);
			name = "Supporting Files";
			path = ..;
			sourceTree = "<group>";
		};
		49B2A35B1A26809B004EED86 /* Models */ = {
			isa = PBXGroup;
			children = (
				49A5696F1A39F66500B6F1E4 /* API.swift */,
				490C659E1A3230A700E87130 /* Calendar.swift */,
				49B2A3031A268070004EED86 /* CalendarEvent.swift */,
				49B2A3011A268070004EED86 /* Bulletin.swift */,
				49B2A32A1A268070004EED86 /* Witness.swift */,
				495B5C271A2E54180033DE8D /* Notification.swift */,
			);
			name = Models;
			path = ..;
			sourceTree = "<group>";
		};
		49B2A35C1A2680A8004EED86 /* Data Sources */ = {
			isa = PBXGroup;
			children = (
				49B2A3021A268070004EED86 /* BulletinsDataSource.swift */,
				49B2A32B1A268070004EED86 /* WitnessesDataSource.swift */,
				495B5C291A2E558F0033DE8D /* NotificationsDataSource.swift */,
				490C65A31A324F7700E87130 /* CalendarsDataSource.swift */,
			);
			name = "Data Sources";
			path = ..;
			sourceTree = "<group>";
		};
		49B2A35D1A2680B9004EED86 /* Views */ = {
			isa = PBXGroup;
			children = (
				49B2A3091A268070004EED86 /* ConnectTableFooterView.swift */,
				49B2A30A1A268070004EED86 /* ConnectTableFooterView.xib */,
				49B2A30B1A268070004EED86 /* ConnectTableViewCell.swift */,
				49B2A30C1A268070004EED86 /* ConnectTableViewCell.xib */,
				49B2A3041A268070004EED86 /* CalendarTableHeaderView.swift */,
				49B2A3051A268070004EED86 /* CalendarTableHeaderView.xib */,
				49B2A3061A268070004EED86 /* CalendarTableViewCell.swift */,
				49B2A3071A268070004EED86 /* CalendarTableViewCell.xib */,
				49D507A01A37C18E00531F23 /* CalendarTableViewAllDayCell.swift */,
				49D507A11A37C18E00531F23 /* CalendarTableViewAllDayCell.xib */,
				494DF9DA1A3200C60040D02C /* CalendarSettingsTableViewCell.swift */,
				49A569861A40807500B6F1E4 /* CalendarSettingsSelectTableViewCell.swift */,
				49A569871A40807500B6F1E4 /* CalendarSettingsSelectTableViewCell.xib */,
				49B2A3171A268070004EED86 /* MediaMasterTableViewCell.swift */,
				49B2A3181A268070004EED86 /* MediaMasterTableViewCell.xib */,
				49952EE31A268BF5002B06FA /* NotificationBarButtonItem.swift */,
				49C83A1A1A2BCB3B00E02C96 /* NotificationsTableViewCell.swift */,
				49C83A1E1A2BCB8A00E02C96 /* NotificationsTableViewCell.xib */,
				49209A501A360BD600DDD45E /* RadioView.swift */,
				49A569731A3A5ACD00B6F1E4 /* ActivityIndicatorView.swift */,
			);
			name = Views;
			path = ..;
			sourceTree = "<group>";
		};
		49B2A35E1A2680C2004EED86 /* View Controllers */ = {
			isa = PBXGroup;
			children = (
				49B2A3211A268070004EED86 /* RootTabBarController.swift */,
				49B2A30E1A268070004EED86 /* CustomTableViewController.swift */,
				49952EE11A26888B002B06FA /* NotificationsTableViewController.swift */,
				49B2A35F1A2680CD004EED86 /* Home */,
				49B2A3631A26816D004EED86 /* Media */,
				49B2A3601A2680E5004EED86 /* Connect */,
				49B2A3621A268126004EED86 /* Give */,
			);
			name = "View Controllers";
			path = ..;
			sourceTree = "<group>";
		};
		49B2A35F1A2680CD004EED86 /* Home */ = {
			isa = PBXGroup;
			children = (
				49B2A3141A268070004EED86 /* HomeViewController.swift */,
				49B2A3111A268070004EED86 /* FeaturedViewController.swift */,
				49B2A3081A268070004EED86 /* CalendarTableViewController.swift */,
				49B2A3101A268070004EED86 /* EventViewController.swift */,
				494F80971A3155C000403C6B /* CalendarSettingsViewController.swift */,
			);
			name = Home;
			sourceTree = "<group>";
		};
		49B2A3601A2680E5004EED86 /* Connect */ = {
			isa = PBXGroup;
			children = (
				49B2A30D1A268070004EED86 /* ConnectTableViewController.swift */,
				49B2A31E1A268070004EED86 /* PrayerRequestViewController.swift */,
			);
			name = Connect;
			sourceTree = "<group>";
		};
		49B2A3611A2680F3004EED86 /* Utilities */ = {
			isa = PBXGroup;
			children = (
				49940D6B1A2F89BA00E97CD7 /* RKDropdownAlert.h */,
				49940D6C1A2F89BA00E97CD7 /* RKDropdownAlert.m */,
				49B2A30F1A268070004EED86 /* ErrorAlerter.swift */,
				49B2A31F1A268070004EED86 /* Reachability.h */,
				49B2A3201A268070004EED86 /* Reachability.m */,
				49B2A3221A268070004EED86 /* UIChangingLabel.swift */,
				49B2A3231A268070004EED86 /* UIColorExtensions.swift */,
				49B2A3241A268070004EED86 /* UIDevice+Hardware.h */,
				49B2A3251A268070004EED86 /* UIDevice+Hardware.m */,
				49B2A3261A268070004EED86 /* UIFontExtensions.swift */,
				49B2A3271A268070004EED86 /* UIImageExtensions.swift */,
				490C65A51A33895D00E87130 /* NSDateExtensions.swift */,
				49B2A3281A268070004EED86 /* UIPlaceHolderTextView.h */,
				49B2A3291A268070004EED86 /* UIPlaceHolderTextView.m */,
				4900737C1A342D820086CE0B /* DictionaryExtensions.swift */,
				49D507981A37A33A00531F23 /* WSLHTMLEntities.h */,
				49D507991A37A33A00531F23 /* WSLHTMLEntities.lm */,
				49D5079A1A37A33A00531F23 /* WSLHTMLEntities.m */,
				49D5079B1A37A33A00531F23 /* WSLHTMLEntityDefinitions.h */,
			);
			name = Utilities;
			path = ..;
			sourceTree = "<group>";
		};
		49B2A3621A268126004EED86 /* Give */ = {
			isa = PBXGroup;
			children = (
				49B2A3131A268070004EED86 /* GiveViewController.swift */,
			);
			name = Give;
			sourceTree = "<group>";
		};
		49B2A3631A26816D004EED86 /* Media */ = {
			isa = PBXGroup;
			children = (
				49B2A3191A268070004EED86 /* MediaMasterTableViewController.swift */,
				49B2A31A1A268070004EED86 /* MediaTableViewController.swift */,
				49B2A31B1A268070004EED86 /* MediaWebViewController.swift */,
			);
			name = Media;
			sourceTree = "<group>";
		};
		7B69E7F3C551EDB41F9B412B /* Frameworks */ = {
			isa = PBXGroup;
			children = (
				495B5BEC1A2E44870033DE8D /* CoreData.framework */,
				BBEFB0F663F019D719FE0983 /* libPods.a */,
			);
			name = Frameworks;
			sourceTree = "<group>";
		};
		AB214726C9C4F430C63B422A /* Pods */ = {
			isa = PBXGroup;
			children = (
				5D4F8AA89947C82EF5AC8E35 /* Pods.debug.xcconfig */,
				CBC1F7B2E80AFF5BEE370E33 /* Pods.release.xcconfig */,
			);
			name = Pods;
			sourceTree = "<group>";
		};
/* End PBXGroup section */

/* Begin PBXNativeTarget section */
		49B2A2D01A268022004EED86 /* FUMC */ = {
			isa = PBXNativeTarget;
			buildConfigurationList = 49B2A2F21A268023004EED86 /* Build configuration list for PBXNativeTarget "FUMC" */;
			buildPhases = (
				9FD9C7A987C66C284D9C710C /* Check Pods Manifest.lock */,
				49B2A2CD1A268022004EED86 /* Sources */,
				49B2A2CE1A268022004EED86 /* Frameworks */,
				49B2A2CF1A268022004EED86 /* Resources */,
				15BA284B13D5E0CD3F8C831A /* Copy Pods Resources */,
				49D507A41A38A9DC00531F23 /* ShellScript */,
				49A5696E1A3919ED00B6F1E4 /* ShellScript */,
			);
			buildRules = (
			);
			dependencies = (
			);
			name = FUMC;
			productName = FUMC;
			productReference = 49B2A2D11A268022004EED86 /* FUMC.app */;
			productType = "com.apple.product-type.application";
		};
		49B2A2E71A268022004EED86 /* FUMCTests */ = {
			isa = PBXNativeTarget;
			buildConfigurationList = 49B2A2F51A268023004EED86 /* Build configuration list for PBXNativeTarget "FUMCTests" */;
			buildPhases = (
				49B2A2E41A268022004EED86 /* Sources */,
				49B2A2E51A268022004EED86 /* Frameworks */,
				49B2A2E61A268022004EED86 /* Resources */,
			);
			buildRules = (
			);
			dependencies = (
				49B2A2EA1A268022004EED86 /* PBXTargetDependency */,
			);
			name = FUMCTests;
			productName = FUMCTests;
			productReference = 49B2A2E81A268022004EED86 /* FUMCTests.xctest */;
			productType = "com.apple.product-type.bundle.unit-test";
		};
/* End PBXNativeTarget section */

/* Begin PBXProject section */
		49B2A2C91A268022004EED86 /* Project object */ = {
			isa = PBXProject;
			attributes = {
				LastUpgradeCheck = 0610;
				ORGANIZATIONNAME = "FUMC Pensacola";
				TargetAttributes = {
					49B2A2D01A268022004EED86 = {
						CreatedOnToolsVersion = 6.1;
						DevelopmentTeam = Y7U83U369J;
						SystemCapabilities = {
							com.apple.BackgroundModes = {
								enabled = 0;
							};
						};
					};
					49B2A2E71A268022004EED86 = {
						CreatedOnToolsVersion = 6.1;
						TestTargetID = 49B2A2D01A268022004EED86;
					};
				};
			};
			buildConfigurationList = 49B2A2CC1A268022004EED86 /* Build configuration list for PBXProject "FUMC" */;
			compatibilityVersion = "Xcode 3.2";
			developmentRegion = English;
			hasScannedForEncodings = 0;
			knownRegions = (
				en,
				Base,
			);
			mainGroup = 49B2A2C81A268022004EED86;
			productRefGroup = 49B2A2D21A268022004EED86 /* Products */;
			projectDirPath = "";
			projectReferences = (
				{
					ProductGroup = 492569D41A34EE030006C252 /* Products */;
					ProjectRef = 4900738E1A34B9590086CE0B /* ExSwift.xcodeproj */;
				},
			);
			projectRoot = "";
			targets = (
				49B2A2D01A268022004EED86 /* FUMC */,
				49B2A2E71A268022004EED86 /* FUMCTests */,
			);
		};
/* End PBXProject section */

/* Begin PBXReferenceProxy section */
		492569DB1A34EE030006C252 /* ExSwift.framework */ = {
			isa = PBXReferenceProxy;
			fileType = wrapper.framework;
			path = ExSwift.framework;
			remoteRef = 492569DA1A34EE030006C252 /* PBXContainerItemProxy */;
			sourceTree = BUILT_PRODUCTS_DIR;
		};
		492569DD1A34EE030006C252 /* ExSwiftTests.xctest */ = {
			isa = PBXReferenceProxy;
			fileType = wrapper.cfbundle;
			path = ExSwiftTests.xctest;
			remoteRef = 492569DC1A34EE030006C252 /* PBXContainerItemProxy */;
			sourceTree = BUILT_PRODUCTS_DIR;
		};
		492569DF1A34EE030006C252 /* ExSwift.framework */ = {
			isa = PBXReferenceProxy;
			fileType = wrapper.framework;
			path = ExSwift.framework;
			remoteRef = 492569DE1A34EE030006C252 /* PBXContainerItemProxy */;
			sourceTree = BUILT_PRODUCTS_DIR;
		};
		492569E11A34EE030006C252 /* ExSwift-iOS Tests.xctest */ = {
			isa = PBXReferenceProxy;
			fileType = wrapper.cfbundle;
			path = "ExSwift-iOS Tests.xctest";
			remoteRef = 492569E01A34EE030006C252 /* PBXContainerItemProxy */;
			sourceTree = BUILT_PRODUCTS_DIR;
		};
/* End PBXReferenceProxy section */

/* Begin PBXResourcesBuildPhase section */
		49B2A2CF1A268022004EED86 /* Resources */ = {
			isa = PBXResourcesBuildPhase;
			buildActionMask = 2147483647;
			files = (
				490073A31A34B9590086CE0B /* Info.plist in Resources */,
				49B2A3371A268070004EED86 /* CalendarTableHeaderView.xib in Resources */,
				490073B41A34B9590086CE0B /* Info.plist in Resources */,
				49B2A3301A268070004EED86 /* BebasNeue Light.otf in Resources */,
				49B2A33E1A268070004EED86 /* ConnectTableViewCell.xib in Resources */,
				49B2A3311A268070004EED86 /* BebasNeue Regular.otf in Resources */,
				49B2A3461A268070004EED86 /* Images.xcassets in Resources */,
				49C83A1F1A2BCB8A00E02C96 /* NotificationsTableViewCell.xib in Resources */,
				49B2A32F1A268070004EED86 /* BebasNeue Book.otf in Resources */,
				49B2A32E1A268070004EED86 /* BebasNeue Bold.otf in Resources */,
				49A5696D1A38D93C00B6F1E4 /* Launch Screen.xib in Resources */,
				49B2A34E1A268070004EED86 /* MyriadPro-Semibold.otf in Resources */,
				490073B51A34B9590086CE0B /* LICENSE in Resources */,
				49B2A3321A268070004EED86 /* BebasNeue Thin.otf in Resources */,
				49B2A3491A268070004EED86 /* MediaMasterTableViewCell.xib in Resources */,
				490073A91A34B9590086CE0B /* ExSwift.podspec in Resources */,
				49A569891A40807500B6F1E4 /* CalendarSettingsSelectTableViewCell.xib in Resources */,
				49B2A34D1A268070004EED86 /* MyriadPro-Regular.otf in Resources */,
				49D507A31A37C18E00531F23 /* CalendarTableViewAllDayCell.xib in Resources */,
				49B2A33C1A268070004EED86 /* ConnectTableFooterView.xib in Resources */,
				49B2A32D1A268070004EED86 /* Main.storyboard in Resources */,
				49B2A3391A268070004EED86 /* CalendarTableViewCell.xib in Resources */,
			);
			runOnlyForDeploymentPostprocessing = 0;
		};
		49B2A2E61A268022004EED86 /* Resources */ = {
			isa = PBXResourcesBuildPhase;
			buildActionMask = 2147483647;
			files = (
			);
			runOnlyForDeploymentPostprocessing = 0;
		};
/* End PBXResourcesBuildPhase section */

/* Begin PBXShellScriptBuildPhase section */
		15BA284B13D5E0CD3F8C831A /* Copy Pods Resources */ = {
			isa = PBXShellScriptBuildPhase;
			buildActionMask = 2147483647;
			files = (
			);
			inputPaths = (
			);
			name = "Copy Pods Resources";
			outputPaths = (
			);
			runOnlyForDeploymentPostprocessing = 0;
			shellPath = /bin/sh;
			shellScript = "\"${SRCROOT}/Pods/Target Support Files/Pods/Pods-resources.sh\"\n";
			showEnvVarsInLog = 0;
		};
		49A5696E1A3919ED00B6F1E4 /* ShellScript */ = {
			isa = PBXShellScriptBuildPhase;
			buildActionMask = 2147483647;
			files = (
			);
			inputPaths = (
			);
			outputPaths = (
			);
			runOnlyForDeploymentPostprocessing = 0;
			shellPath = /bin/sh;
			shellScript = "buildNumber=$(/usr/libexec/PlistBuddy -c \"Print CFBundleVersion\" \"$INFOPLIST_FILE\")\nbuildNumber=$(($buildNumber + 1))\n/usr/libexec/PlistBuddy -c \"Set :CFBundleVersion $buildNumber\" \"$INFOPLIST_FILE\"";
		};
		49D507A41A38A9DC00531F23 /* ShellScript */ = {
			isa = PBXShellScriptBuildPhase;
			buildActionMask = 2147483647;
			files = (
			);
			inputPaths = (
			);
			outputPaths = (
			);
			runOnlyForDeploymentPostprocessing = 0;
			shellPath = /bin/sh;
			shellScript = "./Fabric.framework/run ffe8c572c11cd4916b1c232ff022514dba9174df 7b52158f37654210cb77cc42c52fae28f2ada702147917d297c3f0aae786e69f";
		};
		9FD9C7A987C66C284D9C710C /* Check Pods Manifest.lock */ = {
			isa = PBXShellScriptBuildPhase;
			buildActionMask = 2147483647;
			files = (
			);
			inputPaths = (
			);
			name = "Check Pods Manifest.lock";
			outputPaths = (
			);
			runOnlyForDeploymentPostprocessing = 0;
			shellPath = /bin/sh;
			shellScript = "diff \"${PODS_ROOT}/../Podfile.lock\" \"${PODS_ROOT}/Manifest.lock\" > /dev/null\nif [[ $? != 0 ]] ; then\n    cat << EOM\nerror: The sandbox is not in sync with the Podfile.lock. Run 'pod install' or update your CocoaPods installation.\nEOM\n    exit 1\nfi\n";
			showEnvVarsInLog = 0;
		};
/* End PBXShellScriptBuildPhase section */

/* Begin PBXSourcesBuildPhase section */
		49B2A2CD1A268022004EED86 /* Sources */ = {
			isa = PBXSourcesBuildPhase;
			buildActionMask = 2147483647;
			files = (
				490073A51A34B9590086CE0B /* NSArray.swift in Sources */,
				49B2A3511A268070004EED86 /* RootTabBarController.swift in Sources */,
				49B2A3331A268070004EED86 /* Bulletin.swift in Sources */,
				49952EE21A26888B002B06FA /* NotificationsTableViewController.swift in Sources */,
				490073A41A34B9590086CE0B /* Int.swift in Sources */,
				49940D6D1A2F89BA00E97CD7 /* RKDropdownAlert.m in Sources */,
				49209A511A360BD600DDD45E /* RadioView.swift in Sources */,
				490073A81A34B9590086CE0B /* String.swift in Sources */,
				490073A71A34B9590086CE0B /* Sequence.swift in Sources */,
				49D507A21A37C18E00531F23 /* CalendarTableViewAllDayCell.swift in Sources */,
				49A569881A40807500B6F1E4 /* CalendarSettingsSelectTableViewCell.swift in Sources */,
				49B2A3341A268070004EED86 /* BulletinsDataSource.swift in Sources */,
				49B2A3421A268070004EED86 /* EventViewController.swift in Sources */,
				49B2A3411A268070004EED86 /* ErrorAlerter.swift in Sources */,
				49B2A3441A268070004EED86 /* GiveViewController.swift in Sources */,
				49A569701A39F66500B6F1E4 /* API.swift in Sources */,
				490C65A41A324F7700E87130 /* CalendarsDataSource.swift in Sources */,
				49B2A3361A268070004EED86 /* CalendarTableHeaderView.swift in Sources */,
				49B2A34A1A268070004EED86 /* MediaMasterTableViewController.swift in Sources */,
				49B2A3551A268070004EED86 /* UIFontExtensions.swift in Sources */,
				49D5079C1A37A33A00531F23 /* WSLHTMLEntities.lm in Sources */,
				49B2A33D1A268070004EED86 /* ConnectTableViewCell.swift in Sources */,
				49B2A3531A268070004EED86 /* UIColorExtensions.swift in Sources */,
				49B2A34C1A268070004EED86 /* MediaWebViewController.swift in Sources */,
				49B2A3541A268070004EED86 /* UIDevice+Hardware.m in Sources */,
				490073A11A34B9590086CE0B /* ExSwift.swift in Sources */,
				49B2A3591A268070004EED86 /* WitnessesDataSource.swift in Sources */,
				4900739E1A34B9590086CE0B /* Array.swift in Sources */,
				49B2A3581A268070004EED86 /* Witness.swift in Sources */,
				49B2A33B1A268070004EED86 /* ConnectTableFooterView.swift in Sources */,
				495B5C2A1A2E558F0033DE8D /* NotificationsDataSource.swift in Sources */,
				49D5079D1A37A33A00531F23 /* WSLHTMLEntities.m in Sources */,
				490C659F1A3230A700E87130 /* Calendar.swift in Sources */,
				49B2A33A1A268070004EED86 /* CalendarTableViewController.swift in Sources */,
				49B2A3481A268070004EED86 /* MediaMasterTableViewCell.swift in Sources */,
				49B2A3401A268070004EED86 /* CustomTableViewController.swift in Sources */,
				495B5C281A2E54180033DE8D /* Notification.swift in Sources */,
				49A569741A3A5ACD00B6F1E4 /* ActivityIndicatorView.swift in Sources */,
				49C83A1B1A2BCB3B00E02C96 /* NotificationsTableViewCell.swift in Sources */,
				49B2A33F1A268070004EED86 /* ConnectTableViewController.swift in Sources */,
				49B2A3501A268070004EED86 /* Reachability.m in Sources */,
				4900737D1A342D820086CE0B /* DictionaryExtensions.swift in Sources */,
				49B2A3571A268070004EED86 /* UIPlaceHolderTextView.m in Sources */,
				49B2A3451A268070004EED86 /* HomeViewController.swift in Sources */,
				494DF9DB1A3200C60040D02C /* CalendarSettingsTableViewCell.swift in Sources */,
				490073A61A34B9590086CE0B /* Range.swift in Sources */,
				49B2A3431A268070004EED86 /* FeaturedViewController.swift in Sources */,
				490073A01A34B9590086CE0B /* Double.swift in Sources */,
				49B2A3351A268070004EED86 /* CalendarEvent.swift in Sources */,
				49B2A34B1A268070004EED86 /* MediaTableViewController.swift in Sources */,
				494F80981A3155C000403C6B /* CalendarSettingsViewController.swift in Sources */,
				490C65A61A33895D00E87130 /* NSDateExtensions.swift in Sources */,
				49B2A3561A268070004EED86 /* UIImageExtensions.swift in Sources */,
				49B2A32C1A268070004EED86 /* AppDelegate.swift in Sources */,
				49B2A3521A268070004EED86 /* UIChangingLabel.swift in Sources */,
				4900739F1A34B9590086CE0B /* Dictionary.swift in Sources */,
				490073A21A34B9590086CE0B /* Float.swift in Sources */,
				49952EE41A268BF5002B06FA /* NotificationBarButtonItem.swift in Sources */,
				49B2A34F1A268070004EED86 /* PrayerRequestViewController.swift in Sources */,
				49B2A3381A268070004EED86 /* CalendarTableViewCell.swift in Sources */,
			);
			runOnlyForDeploymentPostprocessing = 0;
		};
		49B2A2E41A268022004EED86 /* Sources */ = {
			isa = PBXSourcesBuildPhase;
			buildActionMask = 2147483647;
			files = (
				49B2A2EF1A268023004EED86 /* FUMCTests.swift in Sources */,
			);
			runOnlyForDeploymentPostprocessing = 0;
		};
/* End PBXSourcesBuildPhase section */

/* Begin PBXTargetDependency section */
		49B2A2EA1A268022004EED86 /* PBXTargetDependency */ = {
			isa = PBXTargetDependency;
			target = 49B2A2D01A268022004EED86 /* FUMC */;
			targetProxy = 49B2A2E91A268022004EED86 /* PBXContainerItemProxy */;
		};
/* End PBXTargetDependency section */

/* Begin PBXVariantGroup section */
		49B2A2FA1A268070004EED86 /* Main.storyboard */ = {
			isa = PBXVariantGroup;
			children = (
				49B2A2FB1A268070004EED86 /* Base */,
			);
			name = Main.storyboard;
			path = Base.lproj;
			sourceTree = "<group>";
		};
/* End PBXVariantGroup section */

/* Begin XCBuildConfiguration section */
		49B2A2F01A268023004EED86 /* Debug */ = {
			isa = XCBuildConfiguration;
			buildSettings = {
				ALWAYS_SEARCH_USER_PATHS = NO;
				CLANG_CXX_LANGUAGE_STANDARD = "gnu++0x";
				CLANG_CXX_LIBRARY = "libc++";
				CLANG_ENABLE_MODULES = YES;
				CLANG_ENABLE_OBJC_ARC = YES;
				CLANG_WARN_BOOL_CONVERSION = YES;
				CLANG_WARN_CONSTANT_CONVERSION = YES;
				CLANG_WARN_DIRECT_OBJC_ISA_USAGE = YES_ERROR;
				CLANG_WARN_EMPTY_BODY = YES;
				CLANG_WARN_ENUM_CONVERSION = YES;
				CLANG_WARN_INT_CONVERSION = YES;
				CLANG_WARN_OBJC_ROOT_CLASS = YES_ERROR;
				CLANG_WARN_UNREACHABLE_CODE = YES;
				CLANG_WARN__DUPLICATE_METHOD_MATCH = YES;
				"CODE_SIGN_IDENTITY[sdk=iphoneos*]" = "iPhone Developer";
				COPY_PHASE_STRIP = NO;
				ENABLE_STRICT_OBJC_MSGSEND = YES;
				GCC_C_LANGUAGE_STANDARD = gnu99;
				GCC_DYNAMIC_NO_PIC = NO;
				GCC_OPTIMIZATION_LEVEL = 0;
				GCC_PREPROCESSOR_DEFINITIONS = (
					"DEBUG=1",
					"$(inherited)",
				);
				GCC_SYMBOLS_PRIVATE_EXTERN = NO;
				GCC_WARN_64_TO_32_BIT_CONVERSION = YES;
				GCC_WARN_ABOUT_RETURN_TYPE = YES_ERROR;
				GCC_WARN_UNDECLARED_SELECTOR = YES;
				GCC_WARN_UNINITIALIZED_AUTOS = YES_AGGRESSIVE;
				GCC_WARN_UNUSED_FUNCTION = YES;
				GCC_WARN_UNUSED_VARIABLE = YES;
				IPHONEOS_DEPLOYMENT_TARGET = 8.1;
				MTL_ENABLE_DEBUG_INFO = YES;
				ONLY_ACTIVE_ARCH = YES;
				SDKROOT = iphoneos;
				SWIFT_OPTIMIZATION_LEVEL = "-Onone";
			};
			name = Debug;
		};
		49B2A2F11A268023004EED86 /* Release */ = {
			isa = XCBuildConfiguration;
			buildSettings = {
				ALWAYS_SEARCH_USER_PATHS = NO;
				CLANG_CXX_LANGUAGE_STANDARD = "gnu++0x";
				CLANG_CXX_LIBRARY = "libc++";
				CLANG_ENABLE_MODULES = YES;
				CLANG_ENABLE_OBJC_ARC = YES;
				CLANG_WARN_BOOL_CONVERSION = YES;
				CLANG_WARN_CONSTANT_CONVERSION = YES;
				CLANG_WARN_DIRECT_OBJC_ISA_USAGE = YES_ERROR;
				CLANG_WARN_EMPTY_BODY = YES;
				CLANG_WARN_ENUM_CONVERSION = YES;
				CLANG_WARN_INT_CONVERSION = YES;
				CLANG_WARN_OBJC_ROOT_CLASS = YES_ERROR;
				CLANG_WARN_UNREACHABLE_CODE = YES;
				CLANG_WARN__DUPLICATE_METHOD_MATCH = YES;
				"CODE_SIGN_IDENTITY[sdk=iphoneos*]" = "iPhone Developer";
				COPY_PHASE_STRIP = YES;
				ENABLE_NS_ASSERTIONS = NO;
				ENABLE_STRICT_OBJC_MSGSEND = YES;
				GCC_C_LANGUAGE_STANDARD = gnu99;
				GCC_WARN_64_TO_32_BIT_CONVERSION = YES;
				GCC_WARN_ABOUT_RETURN_TYPE = YES_ERROR;
				GCC_WARN_UNDECLARED_SELECTOR = YES;
				GCC_WARN_UNINITIALIZED_AUTOS = YES_AGGRESSIVE;
				GCC_WARN_UNUSED_FUNCTION = YES;
				GCC_WARN_UNUSED_VARIABLE = YES;
				IPHONEOS_DEPLOYMENT_TARGET = 8.1;
				MTL_ENABLE_DEBUG_INFO = NO;
				SDKROOT = iphoneos;
				VALIDATE_PRODUCT = YES;
			};
			name = Release;
		};
		49B2A2F31A268023004EED86 /* Debug */ = {
			isa = XCBuildConfiguration;
			baseConfigurationReference = 5D4F8AA89947C82EF5AC8E35 /* Pods.debug.xcconfig */;
			buildSettings = {
				ASSETCATALOG_COMPILER_APPICON_NAME = AppIcon;
				CODE_SIGN_IDENTITY = "iPhone Developer";
				"CODE_SIGN_IDENTITY[sdk=iphoneos*]" = "iPhone Developer";
				FRAMEWORK_SEARCH_PATHS = (
					"$(inherited)",
					"$(PROJECT_DIR)",
				);
				INFOPLIST_FILE = FUMC/Info.plist;
				IPHONEOS_DEPLOYMENT_TARGET = 8.0;
				LD_RUNPATH_SEARCH_PATHS = "$(inherited) @executable_path/Frameworks";
				"OTHER_SWIFT_FLAGS[arch=*]" = "-D DEBUG";
				PRODUCT_NAME = "$(TARGET_NAME)";
				PROVISIONING_PROFILE = "";
				SWIFT_OBJC_BRIDGING_HEADER = "FUMC/FUMC-Bridging-Header.h";
			};
			name = Debug;
		};
		49B2A2F41A268023004EED86 /* Release */ = {
			isa = XCBuildConfiguration;
			baseConfigurationReference = CBC1F7B2E80AFF5BEE370E33 /* Pods.release.xcconfig */;
			buildSettings = {
				ASSETCATALOG_COMPILER_APPICON_NAME = AppIcon;
				CODE_SIGN_IDENTITY = "iPhone Developer";
				"CODE_SIGN_IDENTITY[sdk=iphoneos*]" = "iPhone Developer";
				FRAMEWORK_SEARCH_PATHS = (
					"$(inherited)",
					"$(PROJECT_DIR)",
				);
				GCC_OPTIMIZATION_LEVEL = 0;
				INFOPLIST_FILE = FUMC/Info.plist;
				IPHONEOS_DEPLOYMENT_TARGET = 8.0;
				LD_RUNPATH_SEARCH_PATHS = "$(inherited) @executable_path/Frameworks";
				PRODUCT_NAME = "$(TARGET_NAME)";
				PROVISIONING_PROFILE = "";
				SWIFT_OBJC_BRIDGING_HEADER = "FUMC/FUMC-Bridging-Header.h";
				SWIFT_OPTIMIZATION_LEVEL = "-Onone";
			};
			name = Release;
		};
		49B2A2F61A268023004EED86 /* Debug */ = {
			isa = XCBuildConfiguration;
			buildSettings = {
				BUNDLE_LOADER = "$(TEST_HOST)";
				FRAMEWORK_SEARCH_PATHS = (
					"$(SDKROOT)/Developer/Library/Frameworks",
					"$(inherited)",
				);
				GCC_PREPROCESSOR_DEFINITIONS = (
					"DEBUG=1",
					"$(inherited)",
				);
				INFOPLIST_FILE = FUMCTests/Info.plist;
				LD_RUNPATH_SEARCH_PATHS = "$(inherited) @executable_path/Frameworks @loader_path/Frameworks";
				PRODUCT_NAME = "$(TARGET_NAME)";
				TEST_HOST = "$(BUILT_PRODUCTS_DIR)/FUMC.app/FUMC";
			};
			name = Debug;
		};
		49B2A2F71A268023004EED86 /* Release */ = {
			isa = XCBuildConfiguration;
			buildSettings = {
				BUNDLE_LOADER = "$(TEST_HOST)";
				FRAMEWORK_SEARCH_PATHS = (
					"$(SDKROOT)/Developer/Library/Frameworks",
					"$(inherited)",
				);
				INFOPLIST_FILE = FUMCTests/Info.plist;
				LD_RUNPATH_SEARCH_PATHS = "$(inherited) @executable_path/Frameworks @loader_path/Frameworks";
				PRODUCT_NAME = "$(TARGET_NAME)";
				TEST_HOST = "$(BUILT_PRODUCTS_DIR)/FUMC.app/FUMC";
			};
			name = Release;
		};
/* End XCBuildConfiguration section */

/* Begin XCConfigurationList section */
		49B2A2CC1A268022004EED86 /* Build configuration list for PBXProject "FUMC" */ = {
			isa = XCConfigurationList;
			buildConfigurations = (
				49B2A2F01A268023004EED86 /* Debug */,
				49B2A2F11A268023004EED86 /* Release */,
			);
			defaultConfigurationIsVisible = 0;
			defaultConfigurationName = Release;
		};
		49B2A2F21A268023004EED86 /* Build configuration list for PBXNativeTarget "FUMC" */ = {
			isa = XCConfigurationList;
			buildConfigurations = (
				49B2A2F31A268023004EED86 /* Debug */,
				49B2A2F41A268023004EED86 /* Release */,
			);
			defaultConfigurationIsVisible = 0;
			defaultConfigurationName = Release;
		};
		49B2A2F51A268023004EED86 /* Build configuration list for PBXNativeTarget "FUMCTests" */ = {
			isa = XCConfigurationList;
			buildConfigurations = (
				49B2A2F61A268023004EED86 /* Debug */,
				49B2A2F71A268023004EED86 /* Release */,
			);
			defaultConfigurationIsVisible = 0;
			defaultConfigurationName = Release;
		};
/* End XCConfigurationList section */
	};
	rootObject = 49B2A2C91A268022004EED86 /* Project object */;
}
