// !$*UTF8*$!
{
	archiveVersion = 1;
	classes = {
	};
	objectVersion = 46;
	objects = {

/* Begin PBXBuildFile section */
		3A212B661A0178EA00757466 /* Bulletin.swift in Sources */ = {isa = PBXBuildFile; fileRef = 3A212B651A0178EA00757466 /* Bulletin.swift */; };
		3A3C088F19EC7ABB00EFBD8D /* MediaTableViewController.swift in Sources */ = {isa = PBXBuildFile; fileRef = 3A3C088E19EC7ABB00EFBD8D /* MediaTableViewController.swift */; };
		3A3C089219EC8B4D00EFBD8D /* MyriadPro-Regular.otf in Resources */ = {isa = PBXBuildFile; fileRef = 3A3C089119EC8B4D00EFBD8D /* MyriadPro-Regular.otf */; };
		3A3C089319EC8B4D00EFBD8D /* MyriadPro-Regular.otf in Resources */ = {isa = PBXBuildFile; fileRef = 3A3C089119EC8B4D00EFBD8D /* MyriadPro-Regular.otf */; };
		3A3C089519EC8BAD00EFBD8D /* MyriadPro-Semibold.otf in Resources */ = {isa = PBXBuildFile; fileRef = 3A3C089419EC8BAD00EFBD8D /* MyriadPro-Semibold.otf */; };
		3A3C089619EC8BAD00EFBD8D /* MyriadPro-Semibold.otf in Resources */ = {isa = PBXBuildFile; fileRef = 3A3C089419EC8BAD00EFBD8D /* MyriadPro-Semibold.otf */; };
		3A3C089819ECCF6600EFBD8D /* RootTabBarController.swift in Sources */ = {isa = PBXBuildFile; fileRef = 3A3C089719ECCF6600EFBD8D /* RootTabBarController.swift */; };
		3A3C089919ECCF6600EFBD8D /* RootTabBarController.swift in Sources */ = {isa = PBXBuildFile; fileRef = 3A3C089719ECCF6600EFBD8D /* RootTabBarController.swift */; };
		3A7243AA1A02818B002AA176 /* MediaWebViewController.swift in Sources */ = {isa = PBXBuildFile; fileRef = 3A7243A91A02818B002AA176 /* MediaWebViewController.swift */; };
		3A7243AC1A02BFB0002AA176 /* WitnessesDataSource.swift in Sources */ = {isa = PBXBuildFile; fileRef = 3A7243AB1A02BFB0002AA176 /* WitnessesDataSource.swift */; };
		3A7243AE1A02C2C5002AA176 /* Witness.swift in Sources */ = {isa = PBXBuildFile; fileRef = 3A7243AD1A02C2C5002AA176 /* Witness.swift */; };
		3A758BA219E6B81A00A54F6C /* AppDelegate.swift in Sources */ = {isa = PBXBuildFile; fileRef = 3A758BA119E6B81A00A54F6C /* AppDelegate.swift */; };
		3A758BA419E6B81A00A54F6C /* HomeViewController.swift in Sources */ = {isa = PBXBuildFile; fileRef = 3A758BA319E6B81A00A54F6C /* HomeViewController.swift */; };
		3A758BA919E6B81A00A54F6C /* Main.storyboard in Resources */ = {isa = PBXBuildFile; fileRef = 3A758BA719E6B81A00A54F6C /* Main.storyboard */; };
		3A758BAB19E6B81A00A54F6C /* Images.xcassets in Resources */ = {isa = PBXBuildFile; fileRef = 3A758BAA19E6B81A00A54F6C /* Images.xcassets */; };
		3A758BBA19E6B81A00A54F6C /* FUMCAppTests.swift in Sources */ = {isa = PBXBuildFile; fileRef = 3A758BB919E6B81A00A54F6C /* FUMCAppTests.swift */; };
		3A758BC419E6BE3200A54F6C /* GiveViewController.swift in Sources */ = {isa = PBXBuildFile; fileRef = 3A758BC319E6BE3200A54F6C /* GiveViewController.swift */; };
		3A758BCB19E6DBB200A54F6C /* CollectionViewLayout.swift in Sources */ = {isa = PBXBuildFile; fileRef = 3A758BCA19E6DBB200A54F6C /* CollectionViewLayout.swift */; };
		3A76F4C21A128C77002BC759 /* CalendarTableHeaderView.swift in Sources */ = {isa = PBXBuildFile; fileRef = 3A76F4C11A128C77002BC759 /* CalendarTableHeaderView.swift */; };
		3A76F4C41A128C9F002BC759 /* CalendarTableHeaderView.xib in Resources */ = {isa = PBXBuildFile; fileRef = 3A76F4C31A128C9F002BC759 /* CalendarTableHeaderView.xib */; };
		3A76F4C61A13AC33002BC759 /* FeaturedViewController.swift in Sources */ = {isa = PBXBuildFile; fileRef = 3A76F4C51A13AC33002BC759 /* FeaturedViewController.swift */; };
		3A76F4C81A13B6C3002BC759 /* EventViewController.swift in Sources */ = {isa = PBXBuildFile; fileRef = 3A76F4C71A13B6C3002BC759 /* EventViewController.swift */; };
		3A7FE2C41A0801A500E33424 /* TwitterKit.framework in Frameworks */ = {isa = PBXBuildFile; fileRef = 3A7FE2C11A0801A500E33424 /* TwitterKit.framework */; };
		3A7FE2C51A0801A500E33424 /* TwitterKit.framework in Frameworks */ = {isa = PBXBuildFile; fileRef = 3A7FE2C11A0801A500E33424 /* TwitterKit.framework */; };
		3A7FE2C61A0801A500E33424 /* TwitterKitResources.bundle in Resources */ = {isa = PBXBuildFile; fileRef = 3A7FE2C21A0801A500E33424 /* TwitterKitResources.bundle */; };
		3A7FE2C71A0801A500E33424 /* TwitterKitResources.bundle in Resources */ = {isa = PBXBuildFile; fileRef = 3A7FE2C21A0801A500E33424 /* TwitterKitResources.bundle */; };
		3A7FE2C81A0801A500E33424 /* Fabric.framework in Frameworks */ = {isa = PBXBuildFile; fileRef = 3A7FE2C31A0801A500E33424 /* Fabric.framework */; };
		3A7FE2C91A0801A500E33424 /* Fabric.framework in Frameworks */ = {isa = PBXBuildFile; fileRef = 3A7FE2C31A0801A500E33424 /* Fabric.framework */; };
		3AC6C5CE1A0144C4002A18D8 /* BulletinsDataSource.swift in Sources */ = {isa = PBXBuildFile; fileRef = 3AC6C5CD1A0144C4002A18D8 /* BulletinsDataSource.swift */; };
		3AE79C421A164AD40081E487 /* MediaMasterTableViewController.swift in Sources */ = {isa = PBXBuildFile; fileRef = 3AE79C411A164AD40081E487 /* MediaMasterTableViewController.swift */; };
		3AE79C451A164BC50081E487 /* MediaMasterTableViewCell.swift in Sources */ = {isa = PBXBuildFile; fileRef = 3AE79C431A164BC50081E487 /* MediaMasterTableViewCell.swift */; };
		3AE79C461A164BC50081E487 /* MediaMasterTableViewCell.xib in Resources */ = {isa = PBXBuildFile; fileRef = 3AE79C441A164BC50081E487 /* MediaMasterTableViewCell.xib */; };
		3AFD01E21A1157790037F0FD /* CalendarTableViewController.swift in Sources */ = {isa = PBXBuildFile; fileRef = 3AFD01E11A1157790037F0FD /* CalendarTableViewController.swift */; };
		3AFD01E41A115C080037F0FD /* CalendarEvent.swift in Sources */ = {isa = PBXBuildFile; fileRef = 3AFD01E31A115C080037F0FD /* CalendarEvent.swift */; };
		3AFD01E71A11840C0037F0FD /* CalendarTableViewCell.swift in Sources */ = {isa = PBXBuildFile; fileRef = 3AFD01E51A11840C0037F0FD /* CalendarTableViewCell.swift */; };
		3AFD01E81A11840C0037F0FD /* CalendarTableViewCell.xib in Resources */ = {isa = PBXBuildFile; fileRef = 3AFD01E61A11840C0037F0FD /* CalendarTableViewCell.xib */; };
		3AFD01EE1A1192A90037F0FD /* BebasNeue Bold.otf in Resources */ = {isa = PBXBuildFile; fileRef = 3AFD01E91A1192A90037F0FD /* BebasNeue Bold.otf */; };
		3AFD01EF1A1192A90037F0FD /* BebasNeue Bold.otf in Resources */ = {isa = PBXBuildFile; fileRef = 3AFD01E91A1192A90037F0FD /* BebasNeue Bold.otf */; };
		3AFD01F01A1192A90037F0FD /* BebasNeue Book.otf in Resources */ = {isa = PBXBuildFile; fileRef = 3AFD01EA1A1192A90037F0FD /* BebasNeue Book.otf */; };
		3AFD01F11A1192A90037F0FD /* BebasNeue Book.otf in Resources */ = {isa = PBXBuildFile; fileRef = 3AFD01EA1A1192A90037F0FD /* BebasNeue Book.otf */; };
		3AFD01F21A1192A90037F0FD /* BebasNeue Light.otf in Resources */ = {isa = PBXBuildFile; fileRef = 3AFD01EB1A1192A90037F0FD /* BebasNeue Light.otf */; };
		3AFD01F31A1192A90037F0FD /* BebasNeue Light.otf in Resources */ = {isa = PBXBuildFile; fileRef = 3AFD01EB1A1192A90037F0FD /* BebasNeue Light.otf */; };
		3AFD01F41A1192A90037F0FD /* BebasNeue Regular.otf in Resources */ = {isa = PBXBuildFile; fileRef = 3AFD01EC1A1192A90037F0FD /* BebasNeue Regular.otf */; };
		3AFD01F51A1192A90037F0FD /* BebasNeue Regular.otf in Resources */ = {isa = PBXBuildFile; fileRef = 3AFD01EC1A1192A90037F0FD /* BebasNeue Regular.otf */; };
		3AFD01F61A1192A90037F0FD /* BebasNeue Thin.otf in Resources */ = {isa = PBXBuildFile; fileRef = 3AFD01ED1A1192A90037F0FD /* BebasNeue Thin.otf */; };
		3AFD01F71A1192A90037F0FD /* BebasNeue Thin.otf in Resources */ = {isa = PBXBuildFile; fileRef = 3AFD01ED1A1192A90037F0FD /* BebasNeue Thin.otf */; };
		490FAD9C1A1CF15D00AF968C /* UIDevice+Hardware.m in Sources */ = {isa = PBXBuildFile; fileRef = 490FAD9B1A1CF15D00AF968C /* UIDevice+Hardware.m */; };
		492AAD4B1A1A81D900DBD04E /* PrayerRequestViewController.swift in Sources */ = {isa = PBXBuildFile; fileRef = 492AAD4A1A1A81D900DBD04E /* PrayerRequestViewController.swift */; };
		492AAD4F1A1BB2B100DBD04E /* UIPlaceHolderTextView.m in Sources */ = {isa = PBXBuildFile; fileRef = 492AAD4E1A1BB2B100DBD04E /* UIPlaceHolderTextView.m */; };
		492AAD521A1BF52600DBD04E /* ConnectTableFooterView.swift in Sources */ = {isa = PBXBuildFile; fileRef = 492AAD511A1BF52600DBD04E /* ConnectTableFooterView.swift */; };
		492AAD561A1BFA1700DBD04E /* ConnectTableFooterView.xib in Resources */ = {isa = PBXBuildFile; fileRef = 492AAD551A1BFA1700DBD04E /* ConnectTableFooterView.xib */; };
		49319D671A17F3C1005598A4 /* ConnectTableViewCell.swift in Sources */ = {isa = PBXBuildFile; fileRef = 49319D651A17F3C1005598A4 /* ConnectTableViewCell.swift */; };
		49319D681A17F3C1005598A4 /* ConnectTableViewCell.xib in Resources */ = {isa = PBXBuildFile; fileRef = 49319D661A17F3C1005598A4 /* ConnectTableViewCell.xib */; };
		49319D6A1A17F683005598A4 /* ConnectTableViewController.swift in Sources */ = {isa = PBXBuildFile; fileRef = 49319D691A17F683005598A4 /* ConnectTableViewController.swift */; };
		B88431A17FEFC727080ECBC6 /* libPods.a in Frameworks */ = {isa = PBXBuildFile; fileRef = FE4B71E479693E02C8F478AD /* libPods.a */; };
/* End PBXBuildFile section */

/* Begin PBXContainerItemProxy section */
		3A758BB419E6B81A00A54F6C /* PBXContainerItemProxy */ = {
			isa = PBXContainerItemProxy;
			containerPortal = 3A758B9419E6B81A00A54F6C /* Project object */;
			proxyType = 1;
			remoteGlobalIDString = 3A758B9B19E6B81A00A54F6C;
			remoteInfo = FUMCApp;
		};
/* End PBXContainerItemProxy section */

/* Begin PBXFileReference section */
		0F635373A8FADA8A90EB08AC /* Pods.debug.xcconfig */ = {isa = PBXFileReference; includeInIndex = 1; lastKnownFileType = text.xcconfig; name = Pods.debug.xcconfig; path = "Pods/Target Support Files/Pods/Pods.debug.xcconfig"; sourceTree = "<group>"; };
		3A02CA601A13DCCD006A6EE1 /* FUMCApp-Bridging-Header.h */ = {isa = PBXFileReference; fileEncoding = 4; lastKnownFileType = sourcecode.c.h; name = "FUMCApp-Bridging-Header.h"; path = "FUMCApp/FUMCApp-Bridging-Header.h"; sourceTree = "<group>"; };
		3A212B651A0178EA00757466 /* Bulletin.swift */ = {isa = PBXFileReference; fileEncoding = 4; lastKnownFileType = sourcecode.swift; path = Bulletin.swift; sourceTree = "<group>"; };
		3A3C088E19EC7ABB00EFBD8D /* MediaTableViewController.swift */ = {isa = PBXFileReference; fileEncoding = 4; lastKnownFileType = sourcecode.swift; path = MediaTableViewController.swift; sourceTree = "<group>"; };
		3A3C089119EC8B4D00EFBD8D /* MyriadPro-Regular.otf */ = {isa = PBXFileReference; lastKnownFileType = file; path = "MyriadPro-Regular.otf"; sourceTree = "<group>"; };
		3A3C089419EC8BAD00EFBD8D /* MyriadPro-Semibold.otf */ = {isa = PBXFileReference; lastKnownFileType = file; path = "MyriadPro-Semibold.otf"; sourceTree = "<group>"; };
		3A3C089719ECCF6600EFBD8D /* RootTabBarController.swift */ = {isa = PBXFileReference; fileEncoding = 4; lastKnownFileType = sourcecode.swift; path = RootTabBarController.swift; sourceTree = "<group>"; };
		3A7243A91A02818B002AA176 /* MediaWebViewController.swift */ = {isa = PBXFileReference; fileEncoding = 4; lastKnownFileType = sourcecode.swift; path = MediaWebViewController.swift; sourceTree = "<group>"; };
		3A7243AB1A02BFB0002AA176 /* WitnessesDataSource.swift */ = {isa = PBXFileReference; fileEncoding = 4; lastKnownFileType = sourcecode.swift; path = WitnessesDataSource.swift; sourceTree = "<group>"; };
		3A7243AD1A02C2C5002AA176 /* Witness.swift */ = {isa = PBXFileReference; fileEncoding = 4; lastKnownFileType = sourcecode.swift; path = Witness.swift; sourceTree = "<group>"; };
		3A758B9C19E6B81A00A54F6C /* FUMCApp.app */ = {isa = PBXFileReference; explicitFileType = wrapper.application; includeInIndex = 0; path = FUMCApp.app; sourceTree = BUILT_PRODUCTS_DIR; };
		3A758BA019E6B81A00A54F6C /* Info.plist */ = {isa = PBXFileReference; lastKnownFileType = text.plist.xml; path = Info.plist; sourceTree = "<group>"; };
		3A758BA119E6B81A00A54F6C /* AppDelegate.swift */ = {isa = PBXFileReference; lastKnownFileType = sourcecode.swift; path = AppDelegate.swift; sourceTree = "<group>"; };
		3A758BA319E6B81A00A54F6C /* HomeViewController.swift */ = {isa = PBXFileReference; lastKnownFileType = sourcecode.swift; path = HomeViewController.swift; sourceTree = "<group>"; };
		3A758BA819E6B81A00A54F6C /* Base */ = {isa = PBXFileReference; lastKnownFileType = file.storyboard; name = Base; path = Base.lproj/Main.storyboard; sourceTree = "<group>"; };
		3A758BAA19E6B81A00A54F6C /* Images.xcassets */ = {isa = PBXFileReference; lastKnownFileType = folder.assetcatalog; path = Images.xcassets; sourceTree = "<group>"; };
		3A758BB319E6B81A00A54F6C /* FUMCAppTests.xctest */ = {isa = PBXFileReference; explicitFileType = wrapper.cfbundle; includeInIndex = 0; path = FUMCAppTests.xctest; sourceTree = BUILT_PRODUCTS_DIR; };
		3A758BB819E6B81A00A54F6C /* Info.plist */ = {isa = PBXFileReference; lastKnownFileType = text.plist.xml; path = Info.plist; sourceTree = "<group>"; };
		3A758BB919E6B81A00A54F6C /* FUMCAppTests.swift */ = {isa = PBXFileReference; lastKnownFileType = sourcecode.swift; path = FUMCAppTests.swift; sourceTree = "<group>"; };
		3A758BC319E6BE3200A54F6C /* GiveViewController.swift */ = {isa = PBXFileReference; fileEncoding = 4; lastKnownFileType = sourcecode.swift; path = GiveViewController.swift; sourceTree = "<group>"; };
		3A758BCA19E6DBB200A54F6C /* CollectionViewLayout.swift */ = {isa = PBXFileReference; fileEncoding = 4; lastKnownFileType = sourcecode.swift; path = CollectionViewLayout.swift; sourceTree = "<group>"; };
		3A76F4C11A128C77002BC759 /* CalendarTableHeaderView.swift */ = {isa = PBXFileReference; fileEncoding = 4; lastKnownFileType = sourcecode.swift; path = CalendarTableHeaderView.swift; sourceTree = "<group>"; };
		3A76F4C31A128C9F002BC759 /* CalendarTableHeaderView.xib */ = {isa = PBXFileReference; fileEncoding = 4; lastKnownFileType = file.xib; path = CalendarTableHeaderView.xib; sourceTree = "<group>"; };
		3A76F4C51A13AC33002BC759 /* FeaturedViewController.swift */ = {isa = PBXFileReference; fileEncoding = 4; lastKnownFileType = sourcecode.swift; path = FeaturedViewController.swift; sourceTree = "<group>"; };
		3A76F4C71A13B6C3002BC759 /* EventViewController.swift */ = {isa = PBXFileReference; fileEncoding = 4; lastKnownFileType = sourcecode.swift; path = EventViewController.swift; sourceTree = "<group>"; };
		3A7FE2C11A0801A500E33424 /* TwitterKit.framework */ = {isa = PBXFileReference; lastKnownFileType = wrapper.framework; path = TwitterKit.framework; sourceTree = "<group>"; };
		3A7FE2C21A0801A500E33424 /* TwitterKitResources.bundle */ = {isa = PBXFileReference; lastKnownFileType = "wrapper.plug-in"; name = TwitterKitResources.bundle; path = TwitterKit.framework/Versions/A/Resources/TwitterKitResources.bundle; sourceTree = "<group>"; };
		3A7FE2C31A0801A500E33424 /* Fabric.framework */ = {isa = PBXFileReference; lastKnownFileType = wrapper.framework; path = Fabric.framework; sourceTree = "<group>"; };
		3AC6C5CD1A0144C4002A18D8 /* BulletinsDataSource.swift */ = {isa = PBXFileReference; fileEncoding = 4; lastKnownFileType = sourcecode.swift; path = BulletinsDataSource.swift; sourceTree = "<group>"; };
		3AE79C411A164AD40081E487 /* MediaMasterTableViewController.swift */ = {isa = PBXFileReference; fileEncoding = 4; lastKnownFileType = sourcecode.swift; path = MediaMasterTableViewController.swift; sourceTree = "<group>"; };
		3AE79C431A164BC50081E487 /* MediaMasterTableViewCell.swift */ = {isa = PBXFileReference; fileEncoding = 4; lastKnownFileType = sourcecode.swift; path = MediaMasterTableViewCell.swift; sourceTree = "<group>"; };
		3AE79C441A164BC50081E487 /* MediaMasterTableViewCell.xib */ = {isa = PBXFileReference; fileEncoding = 4; lastKnownFileType = file.xib; path = MediaMasterTableViewCell.xib; sourceTree = "<group>"; };
		3AFD01E11A1157790037F0FD /* CalendarTableViewController.swift */ = {isa = PBXFileReference; fileEncoding = 4; lastKnownFileType = sourcecode.swift; path = CalendarTableViewController.swift; sourceTree = "<group>"; };
		3AFD01E31A115C080037F0FD /* CalendarEvent.swift */ = {isa = PBXFileReference; fileEncoding = 4; lastKnownFileType = sourcecode.swift; path = CalendarEvent.swift; sourceTree = "<group>"; };
		3AFD01E51A11840C0037F0FD /* CalendarTableViewCell.swift */ = {isa = PBXFileReference; fileEncoding = 4; lastKnownFileType = sourcecode.swift; path = CalendarTableViewCell.swift; sourceTree = "<group>"; };
		3AFD01E61A11840C0037F0FD /* CalendarTableViewCell.xib */ = {isa = PBXFileReference; fileEncoding = 4; lastKnownFileType = file.xib; path = CalendarTableViewCell.xib; sourceTree = "<group>"; };
		3AFD01E91A1192A90037F0FD /* BebasNeue Bold.otf */ = {isa = PBXFileReference; lastKnownFileType = file; path = "BebasNeue Bold.otf"; sourceTree = "<group>"; };
		3AFD01EA1A1192A90037F0FD /* BebasNeue Book.otf */ = {isa = PBXFileReference; lastKnownFileType = file; path = "BebasNeue Book.otf"; sourceTree = "<group>"; };
		3AFD01EB1A1192A90037F0FD /* BebasNeue Light.otf */ = {isa = PBXFileReference; lastKnownFileType = file; path = "BebasNeue Light.otf"; sourceTree = "<group>"; };
		3AFD01EC1A1192A90037F0FD /* BebasNeue Regular.otf */ = {isa = PBXFileReference; lastKnownFileType = file; path = "BebasNeue Regular.otf"; sourceTree = "<group>"; };
		3AFD01ED1A1192A90037F0FD /* BebasNeue Thin.otf */ = {isa = PBXFileReference; lastKnownFileType = file; path = "BebasNeue Thin.otf"; sourceTree = "<group>"; };
		490FAD9A1A1CF14400AF968C /* UIDevice+Hardware.h */ = {isa = PBXFileReference; lastKnownFileType = sourcecode.c.h; path = "UIDevice+Hardware.h"; sourceTree = "<group>"; };
		490FAD9B1A1CF15D00AF968C /* UIDevice+Hardware.m */ = {isa = PBXFileReference; fileEncoding = 4; lastKnownFileType = sourcecode.c.objc; path = "UIDevice+Hardware.m"; sourceTree = "<group>"; };
		492AAD4A1A1A81D900DBD04E /* PrayerRequestViewController.swift */ = {isa = PBXFileReference; fileEncoding = 4; lastKnownFileType = sourcecode.swift; path = PrayerRequestViewController.swift; sourceTree = "<group>"; };
		492AAD4E1A1BB2B100DBD04E /* UIPlaceHolderTextView.m */ = {isa = PBXFileReference; fileEncoding = 4; lastKnownFileType = sourcecode.c.objc; path = UIPlaceHolderTextView.m; sourceTree = "<group>"; };
		492AAD501A1BB2D600DBD04E /* UIPlaceHolderTextView.h */ = {isa = PBXFileReference; lastKnownFileType = sourcecode.c.h; path = UIPlaceHolderTextView.h; sourceTree = "<group>"; };
		492AAD511A1BF52600DBD04E /* ConnectTableFooterView.swift */ = {isa = PBXFileReference; fileEncoding = 4; lastKnownFileType = sourcecode.swift; path = ConnectTableFooterView.swift; sourceTree = "<group>"; };
		492AAD551A1BFA1700DBD04E /* ConnectTableFooterView.xib */ = {isa = PBXFileReference; fileEncoding = 4; lastKnownFileType = file.xib; path = ConnectTableFooterView.xib; sourceTree = "<group>"; };
		49319D651A17F3C1005598A4 /* ConnectTableViewCell.swift */ = {isa = PBXFileReference; fileEncoding = 4; lastKnownFileType = sourcecode.swift; path = ConnectTableViewCell.swift; sourceTree = "<group>"; };
		49319D661A17F3C1005598A4 /* ConnectTableViewCell.xib */ = {isa = PBXFileReference; fileEncoding = 4; lastKnownFileType = file.xib; path = ConnectTableViewCell.xib; sourceTree = "<group>"; };
		49319D691A17F683005598A4 /* ConnectTableViewController.swift */ = {isa = PBXFileReference; fileEncoding = 4; lastKnownFileType = sourcecode.swift; path = ConnectTableViewController.swift; sourceTree = "<group>"; };
		98EE777E485CF8833F4A1FB3 /* Pods.release.xcconfig */ = {isa = PBXFileReference; includeInIndex = 1; lastKnownFileType = text.xcconfig; name = Pods.release.xcconfig; path = "Pods/Target Support Files/Pods/Pods.release.xcconfig"; sourceTree = "<group>"; };
		FE4B71E479693E02C8F478AD /* libPods.a */ = {isa = PBXFileReference; explicitFileType = archive.ar; includeInIndex = 0; path = libPods.a; sourceTree = BUILT_PRODUCTS_DIR; };
/* End PBXFileReference section */

/* Begin PBXFrameworksBuildPhase section */
		3A758B9919E6B81A00A54F6C /* Frameworks */ = {
			isa = PBXFrameworksBuildPhase;
			buildActionMask = 2147483647;
			files = (
				3A7FE2C41A0801A500E33424 /* TwitterKit.framework in Frameworks */,
				3A7FE2C81A0801A500E33424 /* Fabric.framework in Frameworks */,
				B88431A17FEFC727080ECBC6 /* libPods.a in Frameworks */,
			);
			runOnlyForDeploymentPostprocessing = 0;
		};
		3A758BB019E6B81A00A54F6C /* Frameworks */ = {
			isa = PBXFrameworksBuildPhase;
			buildActionMask = 2147483647;
			files = (
				3A7FE2C51A0801A500E33424 /* TwitterKit.framework in Frameworks */,
				3A7FE2C91A0801A500E33424 /* Fabric.framework in Frameworks */,
			);
			runOnlyForDeploymentPostprocessing = 0;
		};
/* End PBXFrameworksBuildPhase section */

/* Begin PBXGroup section */
		36C946048033F60611CA2D3E /* Frameworks */ = {
			isa = PBXGroup;
			children = (
				FE4B71E479693E02C8F478AD /* libPods.a */,
			);
			name = Frameworks;
			sourceTree = "<group>";
		};
		3A212B671A0178F500757466 /* Models */ = {
			isa = PBXGroup;
			children = (
				3A212B651A0178EA00757466 /* Bulletin.swift */,
				3A7243AD1A02C2C5002AA176 /* Witness.swift */,
				3AFD01E31A115C080037F0FD /* CalendarEvent.swift */,
			);
			name = Models;
			sourceTree = "<group>";
		};
		3A758B9319E6B81A00A54F6C = {
			isa = PBXGroup;
			children = (
				3A02CA601A13DCCD006A6EE1 /* FUMCApp-Bridging-Header.h */,
				3A758B9E19E6B81A00A54F6C /* FUMCApp */,
				3A758BB619E6B81A00A54F6C /* FUMCAppTests */,
				3A758B9D19E6B81A00A54F6C /* Products */,
				3A7FE2C11A0801A500E33424 /* TwitterKit.framework */,
				3A7FE2C21A0801A500E33424 /* TwitterKitResources.bundle */,
				3A7FE2C31A0801A500E33424 /* Fabric.framework */,
				EDA43817B9F8453359F596E2 /* Pods */,
				36C946048033F60611CA2D3E /* Frameworks */,
			);
			sourceTree = "<group>";
		};
		3A758B9D19E6B81A00A54F6C /* Products */ = {
			isa = PBXGroup;
			children = (
				3A758B9C19E6B81A00A54F6C /* FUMCApp.app */,
				3A758BB319E6B81A00A54F6C /* FUMCAppTests.xctest */,
			);
			name = Products;
			sourceTree = "<group>";
		};
		3A758B9E19E6B81A00A54F6C /* FUMCApp */ = {
			isa = PBXGroup;
			children = (
				3A758BA119E6B81A00A54F6C /* AppDelegate.swift */,
				3AC6C5CF1A0144CF002A18D8 /* Data Sources */,
				3A758BC719E6BE7300A54F6C /* View Controllers */,
				3A212B671A0178F500757466 /* Models */,
				3A758BCE19E6DECA00A54F6C /* Views */,
				3A758BDB19E9EDD500A54F6C /* Utilities */,
				3A758BA719E6B81A00A54F6C /* Main.storyboard */,
				3A758BAA19E6B81A00A54F6C /* Images.xcassets */,
				3A758B9F19E6B81A00A54F6C /* Supporting Files */,
			);
			path = FUMCApp;
			sourceTree = "<group>";
		};
		3A758B9F19E6B81A00A54F6C /* Supporting Files */ = {
			isa = PBXGroup;
			children = (
				3AFD01E91A1192A90037F0FD /* BebasNeue Bold.otf */,
				3AFD01EA1A1192A90037F0FD /* BebasNeue Book.otf */,
				3AFD01EB1A1192A90037F0FD /* BebasNeue Light.otf */,
				3AFD01EC1A1192A90037F0FD /* BebasNeue Regular.otf */,
				3AFD01ED1A1192A90037F0FD /* BebasNeue Thin.otf */,
				3A3C089119EC8B4D00EFBD8D /* MyriadPro-Regular.otf */,
				3A3C089419EC8BAD00EFBD8D /* MyriadPro-Semibold.otf */,
				3A758BA019E6B81A00A54F6C /* Info.plist */,
			);
			name = "Supporting Files";
			sourceTree = "<group>";
		};
		3A758BB619E6B81A00A54F6C /* FUMCAppTests */ = {
			isa = PBXGroup;
			children = (
				3A758BB919E6B81A00A54F6C /* FUMCAppTests.swift */,
				3A758BB719E6B81A00A54F6C /* Supporting Files */,
			);
			path = FUMCAppTests;
			sourceTree = "<group>";
		};
		3A758BB719E6B81A00A54F6C /* Supporting Files */ = {
			isa = PBXGroup;
			children = (
				3A758BB819E6B81A00A54F6C /* Info.plist */,
			);
			name = "Supporting Files";
			sourceTree = "<group>";
		};
		3A758BC719E6BE7300A54F6C /* View Controllers */ = {
			isa = PBXGroup;
			children = (
				3A3C089719ECCF6600EFBD8D /* RootTabBarController.swift */,
				3A758BCA19E6DBB200A54F6C /* CollectionViewLayout.swift */,
				3A7FE2CB1A092F8E00E33424 /* Home */,
				3A7FE2CA1A092F8500E33424 /* Media */,
				3A7FE2CC1A092FA500E33424 /* Give */,
				3A7FE2CD1A092FAB00E33424 /* Connect */,
			);
			name = "View Controllers";
			sourceTree = "<group>";
		};
		3A758BCE19E6DECA00A54F6C /* Views */ = {
			isa = PBXGroup;
			children = (
				3AFD01E51A11840C0037F0FD /* CalendarTableViewCell.swift */,
				3AFD01E61A11840C0037F0FD /* CalendarTableViewCell.xib */,
				3A76F4C11A128C77002BC759 /* CalendarTableHeaderView.swift */,
				3A76F4C31A128C9F002BC759 /* CalendarTableHeaderView.xib */,
				3AE79C431A164BC50081E487 /* MediaMasterTableViewCell.swift */,
				3AE79C441A164BC50081E487 /* MediaMasterTableViewCell.xib */,
				49319D651A17F3C1005598A4 /* ConnectTableViewCell.swift */,
				49319D661A17F3C1005598A4 /* ConnectTableViewCell.xib */,
				492AAD511A1BF52600DBD04E /* ConnectTableFooterView.swift */,
				492AAD551A1BFA1700DBD04E /* ConnectTableFooterView.xib */,
			);
			name = Views;
			sourceTree = "<group>";
		};
		3A758BDB19E9EDD500A54F6C /* Utilities */ = {
			isa = PBXGroup;
			children = (
				492AAD501A1BB2D600DBD04E /* UIPlaceHolderTextView.h */,
				492AAD4E1A1BB2B100DBD04E /* UIPlaceHolderTextView.m */,
				490FAD9A1A1CF14400AF968C /* UIDevice+Hardware.h */,
				490FAD9B1A1CF15D00AF968C /* UIDevice+Hardware.m */,
			);
			name = Utilities;
			sourceTree = "<group>";
		};
		3A7FE2CA1A092F8500E33424 /* Media */ = {
			isa = PBXGroup;
			children = (
				3AE79C411A164AD40081E487 /* MediaMasterTableViewController.swift */,
				3A3C088E19EC7ABB00EFBD8D /* MediaTableViewController.swift */,
				3A7243A91A02818B002AA176 /* MediaWebViewController.swift */,
			);
			name = Media;
			sourceTree = "<group>";
		};
		3A7FE2CB1A092F8E00E33424 /* Home */ = {
			isa = PBXGroup;
			children = (
				3A758BA319E6B81A00A54F6C /* HomeViewController.swift */,
				3AFD01E11A1157790037F0FD /* CalendarTableViewController.swift */,
				3A76F4C71A13B6C3002BC759 /* EventViewController.swift */,
				3A76F4C51A13AC33002BC759 /* FeaturedViewController.swift */,
			);
			name = Home;
			sourceTree = "<group>";
		};
		3A7FE2CC1A092FA500E33424 /* Give */ = {
			isa = PBXGroup;
			children = (
				3A758BC319E6BE3200A54F6C /* GiveViewController.swift */,
			);
			name = Give;
			sourceTree = "<group>";
		};
		3A7FE2CD1A092FAB00E33424 /* Connect */ = {
			isa = PBXGroup;
			children = (
				49319D691A17F683005598A4 /* ConnectTableViewController.swift */,
				492AAD4A1A1A81D900DBD04E /* PrayerRequestViewController.swift */,
			);
			name = Connect;
			sourceTree = "<group>";
		};
		3AC6C5CF1A0144CF002A18D8 /* Data Sources */ = {
			isa = PBXGroup;
			children = (
				3AC6C5CD1A0144C4002A18D8 /* BulletinsDataSource.swift */,
				3A7243AB1A02BFB0002AA176 /* WitnessesDataSource.swift */,
			);
			name = "Data Sources";
			sourceTree = "<group>";
		};
		EDA43817B9F8453359F596E2 /* Pods */ = {
			isa = PBXGroup;
			children = (
				0F635373A8FADA8A90EB08AC /* Pods.debug.xcconfig */,
				98EE777E485CF8833F4A1FB3 /* Pods.release.xcconfig */,
			);
			name = Pods;
			sourceTree = "<group>";
		};
/* End PBXGroup section */

/* Begin PBXNativeTarget section */
		3A758B9B19E6B81A00A54F6C /* FUMCApp */ = {
			isa = PBXNativeTarget;
			buildConfigurationList = 3A758BBD19E6B81A00A54F6C /* Build configuration list for PBXNativeTarget "FUMCApp" */;
			buildPhases = (
				FE556788C6398238D14EA237 /* Check Pods Manifest.lock */,
				3A758B9819E6B81A00A54F6C /* Sources */,
				3A758B9919E6B81A00A54F6C /* Frameworks */,
				3A758B9A19E6B81A00A54F6C /* Resources */,
				3A7FE2C01A08012800E33424 /* ShellScript */,
				0616CD201437EC0A611A6BA2 /* Copy Pods Resources */,
			);
			buildRules = (
			);
			dependencies = (
			);
			name = FUMCApp;
			productName = FUMCApp;
			productReference = 3A758B9C19E6B81A00A54F6C /* FUMCApp.app */;
			productType = "com.apple.product-type.application";
		};
		3A758BB219E6B81A00A54F6C /* FUMCAppTests */ = {
			isa = PBXNativeTarget;
			buildConfigurationList = 3A758BC019E6B81A00A54F6C /* Build configuration list for PBXNativeTarget "FUMCAppTests" */;
			buildPhases = (
				3A758BAF19E6B81A00A54F6C /* Sources */,
				3A758BB019E6B81A00A54F6C /* Frameworks */,
				3A758BB119E6B81A00A54F6C /* Resources */,
			);
			buildRules = (
			);
			dependencies = (
				3A758BB519E6B81A00A54F6C /* PBXTargetDependency */,
			);
			name = FUMCAppTests;
			productName = FUMCAppTests;
			productReference = 3A758BB319E6B81A00A54F6C /* FUMCAppTests.xctest */;
			productType = "com.apple.product-type.bundle.unit-test";
		};
/* End PBXNativeTarget section */

/* Begin PBXProject section */
		3A758B9419E6B81A00A54F6C /* Project object */ = {
			isa = PBXProject;
			attributes = {
				LastUpgradeCheck = 0600;
				ORGANIZATIONNAME = "FUMC Pensacola";
				TargetAttributes = {
					3A758B9B19E6B81A00A54F6C = {
						CreatedOnToolsVersion = 6.0.1;
						DevelopmentTeam = Y7U83U369J;
					};
					3A758BB219E6B81A00A54F6C = {
						CreatedOnToolsVersion = 6.0.1;
						TestTargetID = 3A758B9B19E6B81A00A54F6C;
					};
				};
			};
			buildConfigurationList = 3A758B9719E6B81A00A54F6C /* Build configuration list for PBXProject "FUMCApp" */;
			compatibilityVersion = "Xcode 3.2";
			developmentRegion = English;
			hasScannedForEncodings = 0;
			knownRegions = (
				en,
				Base,
			);
			mainGroup = 3A758B9319E6B81A00A54F6C;
			productRefGroup = 3A758B9D19E6B81A00A54F6C /* Products */;
			projectDirPath = "";
			projectRoot = "";
			targets = (
				3A758B9B19E6B81A00A54F6C /* FUMCApp */,
				3A758BB219E6B81A00A54F6C /* FUMCAppTests */,
			);
		};
/* End PBXProject section */

/* Begin PBXResourcesBuildPhase section */
		3A758B9A19E6B81A00A54F6C /* Resources */ = {
			isa = PBXResourcesBuildPhase;
			buildActionMask = 2147483647;
			files = (
				3AFD01F01A1192A90037F0FD /* BebasNeue Book.otf in Resources */,
				3A758BA919E6B81A00A54F6C /* Main.storyboard in Resources */,
				3A7FE2C61A0801A500E33424 /* TwitterKitResources.bundle in Resources */,
				3A3C089219EC8B4D00EFBD8D /* MyriadPro-Regular.otf in Resources */,
				3AE79C461A164BC50081E487 /* MediaMasterTableViewCell.xib in Resources */,
				3A758BAB19E6B81A00A54F6C /* Images.xcassets in Resources */,
				3A3C089519EC8BAD00EFBD8D /* MyriadPro-Semibold.otf in Resources */,
				3AFD01F41A1192A90037F0FD /* BebasNeue Regular.otf in Resources */,
				3AFD01EE1A1192A90037F0FD /* BebasNeue Bold.otf in Resources */,
				3A76F4C41A128C9F002BC759 /* CalendarTableHeaderView.xib in Resources */,
				3AFD01F21A1192A90037F0FD /* BebasNeue Light.otf in Resources */,
				3AFD01F61A1192A90037F0FD /* BebasNeue Thin.otf in Resources */,
				492AAD561A1BFA1700DBD04E /* ConnectTableFooterView.xib in Resources */,
				49319D681A17F3C1005598A4 /* ConnectTableViewCell.xib in Resources */,
				3AFD01E81A11840C0037F0FD /* CalendarTableViewCell.xib in Resources */,
			);
			runOnlyForDeploymentPostprocessing = 0;
		};
		3A758BB119E6B81A00A54F6C /* Resources */ = {
			isa = PBXResourcesBuildPhase;
			buildActionMask = 2147483647;
			files = (
				3AFD01F11A1192A90037F0FD /* BebasNeue Book.otf in Resources */,
				3AFD01EF1A1192A90037F0FD /* BebasNeue Bold.otf in Resources */,
				3AFD01F31A1192A90037F0FD /* BebasNeue Light.otf in Resources */,
				3A3C089619EC8BAD00EFBD8D /* MyriadPro-Semibold.otf in Resources */,
				3A7FE2C71A0801A500E33424 /* TwitterKitResources.bundle in Resources */,
				3AFD01F51A1192A90037F0FD /* BebasNeue Regular.otf in Resources */,
				3AFD01F71A1192A90037F0FD /* BebasNeue Thin.otf in Resources */,
				3A3C089319EC8B4D00EFBD8D /* MyriadPro-Regular.otf in Resources */,
			);
			runOnlyForDeploymentPostprocessing = 0;
		};
/* End PBXResourcesBuildPhase section */

/* Begin PBXShellScriptBuildPhase section */
		0616CD201437EC0A611A6BA2 /* Copy Pods Resources */ = {
			isa = PBXShellScriptBuildPhase;
			buildActionMask = 2147483647;
			files = (
			);
			inputPaths = (
			);
			name = "Copy Pods Resources";
			outputPaths = (
			);
			runOnlyForDeploymentPostprocessing = 0;
			shellPath = /bin/sh;
			shellScript = "\"${SRCROOT}/Pods/Target Support Files/Pods/Pods-resources.sh\"\n";
			showEnvVarsInLog = 0;
		};
		3A7FE2C01A08012800E33424 /* ShellScript */ = {
			isa = PBXShellScriptBuildPhase;
			buildActionMask = 2147483647;
			files = (
			);
			inputPaths = (
			);
			outputPaths = (
			);
			runOnlyForDeploymentPostprocessing = 0;
			shellPath = /bin/sh;
			shellScript = "./Fabric.framework/run ffe8c572c11cd4916b1c232ff022514dba9174df 7b52158f37654210cb77cc42c52fae28f2ada702147917d297c3f0aae786e69f";
		};
		FE556788C6398238D14EA237 /* Check Pods Manifest.lock */ = {
			isa = PBXShellScriptBuildPhase;
			buildActionMask = 2147483647;
			files = (
			);
			inputPaths = (
			);
			name = "Check Pods Manifest.lock";
			outputPaths = (
			);
			runOnlyForDeploymentPostprocessing = 0;
			shellPath = /bin/sh;
			shellScript = "diff \"${PODS_ROOT}/../Podfile.lock\" \"${PODS_ROOT}/Manifest.lock\" > /dev/null\nif [[ $? != 0 ]] ; then\n    cat << EOM\nerror: The sandbox is not in sync with the Podfile.lock. Run 'pod install' or update your CocoaPods installation.\nEOM\n    exit 1\nfi\n";
			showEnvVarsInLog = 0;
		};
/* End PBXShellScriptBuildPhase section */

/* Begin PBXSourcesBuildPhase section */
		3A758B9819E6B81A00A54F6C /* Sources */ = {
			isa = PBXSourcesBuildPhase;
			buildActionMask = 2147483647;
			files = (
				490FAD9C1A1CF15D00AF968C /* UIDevice+Hardware.m in Sources */,
				49319D6A1A17F683005598A4 /* ConnectTableViewController.swift in Sources */,
				492AAD4B1A1A81D900DBD04E /* PrayerRequestViewController.swift in Sources */,
				3AE79C421A164AD40081E487 /* MediaMasterTableViewController.swift in Sources */,
				492AAD521A1BF52600DBD04E /* ConnectTableFooterView.swift in Sources */,
				3A3C088F19EC7ABB00EFBD8D /* MediaTableViewController.swift in Sources */,
				3A3C089819ECCF6600EFBD8D /* RootTabBarController.swift in Sources */,
				3A7243AC1A02BFB0002AA176 /* WitnessesDataSource.swift in Sources */,
				3A7243AE1A02C2C5002AA176 /* Witness.swift in Sources */,
				3A76F4C61A13AC33002BC759 /* FeaturedViewController.swift in Sources */,
				3A76F4C81A13B6C3002BC759 /* EventViewController.swift in Sources */,
				3A76F4C21A128C77002BC759 /* CalendarTableHeaderView.swift in Sources */,
				3AE79C451A164BC50081E487 /* MediaMasterTableViewCell.swift in Sources */,
				3A758BCB19E6DBB200A54F6C /* CollectionViewLayout.swift in Sources */,
				3AC6C5CE1A0144C4002A18D8 /* BulletinsDataSource.swift in Sources */,
				3A7243AA1A02818B002AA176 /* MediaWebViewController.swift in Sources */,
				3A212B661A0178EA00757466 /* Bulletin.swift in Sources */,
				3AFD01E41A115C080037F0FD /* CalendarEvent.swift in Sources */,
				49319D671A17F3C1005598A4 /* ConnectTableViewCell.swift in Sources */,
				3A758BC419E6BE3200A54F6C /* GiveViewController.swift in Sources */,
				492AAD4F1A1BB2B100DBD04E /* UIPlaceHolderTextView.m in Sources */,
				3AFD01E21A1157790037F0FD /* CalendarTableViewController.swift in Sources */,
				3AFD01E71A11840C0037F0FD /* CalendarTableViewCell.swift in Sources */,
				3A758BA219E6B81A00A54F6C /* AppDelegate.swift in Sources */,
				3A758BA419E6B81A00A54F6C /* HomeViewController.swift in Sources */,
			);
			runOnlyForDeploymentPostprocessing = 0;
		};
		3A758BAF19E6B81A00A54F6C /* Sources */ = {
			isa = PBXSourcesBuildPhase;
			buildActionMask = 2147483647;
			files = (
				3A758BBA19E6B81A00A54F6C /* FUMCAppTests.swift in Sources */,
				3A3C089919ECCF6600EFBD8D /* RootTabBarController.swift in Sources */,
			);
			runOnlyForDeploymentPostprocessing = 0;
		};
/* End PBXSourcesBuildPhase section */

/* Begin PBXTargetDependency section */
		3A758BB519E6B81A00A54F6C /* PBXTargetDependency */ = {
			isa = PBXTargetDependency;
			target = 3A758B9B19E6B81A00A54F6C /* FUMCApp */;
			targetProxy = 3A758BB419E6B81A00A54F6C /* PBXContainerItemProxy */;
		};
/* End PBXTargetDependency section */

/* Begin PBXVariantGroup section */
		3A758BA719E6B81A00A54F6C /* Main.storyboard */ = {
			isa = PBXVariantGroup;
			children = (
				3A758BA819E6B81A00A54F6C /* Base */,
			);
			name = Main.storyboard;
			sourceTree = "<group>";
		};
/* End PBXVariantGroup section */

/* Begin XCBuildConfiguration section */
		3A758BBB19E6B81A00A54F6C /* Debug */ = {
			isa = XCBuildConfiguration;
			buildSettings = {
				ALWAYS_SEARCH_USER_PATHS = NO;
				CLANG_CXX_LANGUAGE_STANDARD = "gnu++0x";
				CLANG_CXX_LIBRARY = "libc++";
				CLANG_ENABLE_MODULES = YES;
				CLANG_ENABLE_OBJC_ARC = YES;
				CLANG_WARN_BOOL_CONVERSION = YES;
				CLANG_WARN_CONSTANT_CONVERSION = YES;
				CLANG_WARN_DIRECT_OBJC_ISA_USAGE = YES_ERROR;
				CLANG_WARN_EMPTY_BODY = YES;
				CLANG_WARN_ENUM_CONVERSION = YES;
				CLANG_WARN_INT_CONVERSION = YES;
				CLANG_WARN_OBJC_ROOT_CLASS = YES_ERROR;
				CLANG_WARN_UNREACHABLE_CODE = YES;
				CLANG_WARN__DUPLICATE_METHOD_MATCH = YES;
				"CODE_SIGN_IDENTITY[sdk=iphoneos*]" = "iPhone Developer";
				COPY_PHASE_STRIP = NO;
				ENABLE_STRICT_OBJC_MSGSEND = YES;
				GCC_C_LANGUAGE_STANDARD = gnu99;
				GCC_DYNAMIC_NO_PIC = NO;
				GCC_OPTIMIZATION_LEVEL = 0;
				GCC_PREPROCESSOR_DEFINITIONS = (
					"DEBUG=1",
					"$(inherited)",
				);
				GCC_SYMBOLS_PRIVATE_EXTERN = NO;
				GCC_WARN_64_TO_32_BIT_CONVERSION = YES;
				GCC_WARN_ABOUT_RETURN_TYPE = YES_ERROR;
				GCC_WARN_UNDECLARED_SELECTOR = YES;
				GCC_WARN_UNINITIALIZED_AUTOS = YES_AGGRESSIVE;
				GCC_WARN_UNUSED_FUNCTION = YES;
				GCC_WARN_UNUSED_VARIABLE = YES;
				IPHONEOS_DEPLOYMENT_TARGET = 8.0;
				MTL_ENABLE_DEBUG_INFO = YES;
				ONLY_ACTIVE_ARCH = YES;
				SDKROOT = iphoneos;
				SWIFT_OPTIMIZATION_LEVEL = "-Onone";
			};
			name = Debug;
		};
		3A758BBC19E6B81A00A54F6C /* Release */ = {
			isa = XCBuildConfiguration;
			buildSettings = {
				ALWAYS_SEARCH_USER_PATHS = NO;
				CLANG_CXX_LANGUAGE_STANDARD = "gnu++0x";
				CLANG_CXX_LIBRARY = "libc++";
				CLANG_ENABLE_MODULES = YES;
				CLANG_ENABLE_OBJC_ARC = YES;
				CLANG_WARN_BOOL_CONVERSION = YES;
				CLANG_WARN_CONSTANT_CONVERSION = YES;
				CLANG_WARN_DIRECT_OBJC_ISA_USAGE = YES_ERROR;
				CLANG_WARN_EMPTY_BODY = YES;
				CLANG_WARN_ENUM_CONVERSION = YES;
				CLANG_WARN_INT_CONVERSION = YES;
				CLANG_WARN_OBJC_ROOT_CLASS = YES_ERROR;
				CLANG_WARN_UNREACHABLE_CODE = YES;
				CLANG_WARN__DUPLICATE_METHOD_MATCH = YES;
				"CODE_SIGN_IDENTITY[sdk=iphoneos*]" = "iPhone Developer";
				COPY_PHASE_STRIP = YES;
				ENABLE_NS_ASSERTIONS = NO;
				ENABLE_STRICT_OBJC_MSGSEND = YES;
				GCC_C_LANGUAGE_STANDARD = gnu99;
				GCC_WARN_64_TO_32_BIT_CONVERSION = YES;
				GCC_WARN_ABOUT_RETURN_TYPE = YES_ERROR;
				GCC_WARN_UNDECLARED_SELECTOR = YES;
				GCC_WARN_UNINITIALIZED_AUTOS = YES_AGGRESSIVE;
				GCC_WARN_UNUSED_FUNCTION = YES;
				GCC_WARN_UNUSED_VARIABLE = YES;
				IPHONEOS_DEPLOYMENT_TARGET = 8.0;
				MTL_ENABLE_DEBUG_INFO = NO;
				SDKROOT = iphoneos;
				VALIDATE_PRODUCT = YES;
			};
			name = Release;
		};
		3A758BBE19E6B81A00A54F6C /* Debug */ = {
			isa = XCBuildConfiguration;
			baseConfigurationReference = 0F635373A8FADA8A90EB08AC /* Pods.debug.xcconfig */;
			buildSettings = {
				ASSETCATALOG_COMPILER_APPICON_NAME = AppIcon;
				CLANG_ENABLE_MODULES = YES;
				CODE_SIGN_IDENTITY = "iPhone Developer";
				"CODE_SIGN_IDENTITY[sdk=iphoneos*]" = "iPhone Developer";
				DEFINES_MODULE = YES;
				FRAMEWORK_SEARCH_PATHS = (
					"$(inherited)",
					"$(PROJECT_DIR)",
				);
				INFOPLIST_FILE = FUMCApp/Info.plist;
				LD_RUNPATH_SEARCH_PATHS = "$(inherited) @executable_path/Frameworks";
				PRODUCT_NAME = FUMCApp;
				PROVISIONING_PROFILE = "";
				SWIFT_INSTALL_OBJC_HEADER = YES;
				SWIFT_OBJC_BRIDGING_HEADER = "FUMCApp/FUMCApp-Bridging-Header.h";
				SWIFT_OPTIMIZATION_LEVEL = "-Onone";
			};
			name = Debug;
		};
		3A758BBF19E6B81A00A54F6C /* Release */ = {
			isa = XCBuildConfiguration;
			baseConfigurationReference = 98EE777E485CF8833F4A1FB3 /* Pods.release.xcconfig */;
			buildSettings = {
				ASSETCATALOG_COMPILER_APPICON_NAME = AppIcon;
				CLANG_ENABLE_MODULES = YES;
				CODE_SIGN_IDENTITY = "iPhone Developer";
				"CODE_SIGN_IDENTITY[sdk=iphoneos*]" = "iPhone Developer";
				DEFINES_MODULE = YES;
				FRAMEWORK_SEARCH_PATHS = (
					"$(inherited)",
					"$(PROJECT_DIR)",
				);
				INFOPLIST_FILE = FUMCApp/Info.plist;
				LD_RUNPATH_SEARCH_PATHS = "$(inherited) @executable_path/Frameworks";
				PRODUCT_NAME = FUMCApp;
				PROVISIONING_PROFILE = "";
				SWIFT_INSTALL_OBJC_HEADER = YES;
				SWIFT_OBJC_BRIDGING_HEADER = "FUMCApp/FUMCApp-Bridging-Header.h";
			};
			name = Release;
		};
		3A758BC119E6B81A00A54F6C /* Debug */ = {
			isa = XCBuildConfiguration;
			buildSettings = {
				BUNDLE_LOADER = "$(TEST_HOST)";
				FRAMEWORK_SEARCH_PATHS = (
					"$(SDKROOT)/Developer/Library/Frameworks",
					"$(inherited)",
					"$(PROJECT_DIR)",
				);
				GCC_PREPROCESSOR_DEFINITIONS = (
					"DEBUG=1",
					"$(inherited)",
				);
				INFOPLIST_FILE = FUMCAppTests/Info.plist;
				LD_RUNPATH_SEARCH_PATHS = "$(inherited) @executable_path/Frameworks @loader_path/Frameworks";
				PRODUCT_NAME = FUMCAppTests;
				TEST_HOST = "$(BUILT_PRODUCTS_DIR)/FUMCApp.app/FUMCApp";
			};
			name = Debug;
		};
		3A758BC219E6B81A00A54F6C /* Release */ = {
			isa = XCBuildConfiguration;
			buildSettings = {
				BUNDLE_LOADER = "$(TEST_HOST)";
				FRAMEWORK_SEARCH_PATHS = (
					"$(SDKROOT)/Developer/Library/Frameworks",
					"$(inherited)",
					"$(PROJECT_DIR)",
				);
				INFOPLIST_FILE = FUMCAppTests/Info.plist;
				LD_RUNPATH_SEARCH_PATHS = "$(inherited) @executable_path/Frameworks @loader_path/Frameworks";
				PRODUCT_NAME = FUMCAppTests;
				TEST_HOST = "$(BUILT_PRODUCTS_DIR)/FUMCApp.app/FUMCApp";
			};
			name = Release;
		};
/* End XCBuildConfiguration section */

/* Begin XCConfigurationList section */
		3A758B9719E6B81A00A54F6C /* Build configuration list for PBXProject "FUMCApp" */ = {
			isa = XCConfigurationList;
			buildConfigurations = (
				3A758BBB19E6B81A00A54F6C /* Debug */,
				3A758BBC19E6B81A00A54F6C /* Release */,
			);
			defaultConfigurationIsVisible = 0;
			defaultConfigurationName = Release;
		};
		3A758BBD19E6B81A00A54F6C /* Build configuration list for PBXNativeTarget "FUMCApp" */ = {
			isa = XCConfigurationList;
			buildConfigurations = (
				3A758BBE19E6B81A00A54F6C /* Debug */,
				3A758BBF19E6B81A00A54F6C /* Release */,
			);
			defaultConfigurationIsVisible = 0;
			defaultConfigurationName = Release;
		};
		3A758BC019E6B81A00A54F6C /* Build configuration list for PBXNativeTarget "FUMCAppTests" */ = {
			isa = XCConfigurationList;
			buildConfigurations = (
				3A758BC119E6B81A00A54F6C /* Debug */,
				3A758BC219E6B81A00A54F6C /* Release */,
			);
			defaultConfigurationIsVisible = 0;
			defaultConfigurationName = Release;
		};
/* End XCConfigurationList section */
	};
	rootObject = 3A758B9419E6B81A00A54F6C /* Project object */;
}
